
Microsoft Visual Studio Solution File, Format Version 12.00
# Visual Studio 2013
VisualStudioVersion = 12.0.30501.0
MinimumVisualStudioVersion = 10.0.40219.1
Project("{2150E333-8FDC-42A3-9474-1A3956D46DE8}") = "MvvmX", "MvvmX", "{6F1CBDCD-7BD0-4865-AB69-0EE932117237}"
EndProject
Project("{2150E333-8FDC-42A3-9474-1A3956D46DE8}") = "Glass", "Glass", "{604193B1-DD20-4A4F-893F-750837BA84F3}"
EndProject
Project("{FAE04EC0-301F-11D3-BF4B-00C04F79EFBC}") = "F2S.MvvmX.Glass.ApiDemo.Core", "F2S.MvvmX.Glass.ApiDemo.Core\F2S.MvvmX.Glass.ApiDemo.Core.csproj", "{7F71634F-F581-4E87-ADB2-C563E3768AFA}"
EndProject
Project("{FAE04EC0-301F-11D3-BF4B-00C04F79EFBC}") = "F2S.MvvmX.Glass.ApiDemo", "F2S.MvvmX.Glass.ApiDemo\F2S.MvvmX.Glass.ApiDemo.csproj", "{54AB14BB-F1D4-42CF-B899-8CC4BDC7619D}"
EndProject
Project("{2150E333-8FDC-42A3-9474-1A3956D46DE8}") = "Spikes", "Spikes", "{C1F99C76-EA7D-438B-AD65-AFFC96FC90C4}"
EndProject
Project("{FAE04EC0-301F-11D3-BF4B-00C04F79EFBC}") = "F2S.MvvmX.Spikes.Droid", "F2S.MvvmX.Spikes.Droid\F2S.MvvmX.Spikes.Droid.csproj", "{5610DE43-7BA4-45A8-ABBB-732AE221B5CF}"
EndProject
Project("{FAE04EC0-301F-11D3-BF4B-00C04F79EFBC}") = "F2S.MvvmX.Spikes.Core", "F2S.MvvmX.Spikes.Core\F2S.MvvmX.Spikes.Core.csproj", "{2A57E88D-9DDB-47A1-B9FF-008C889362EA}"
EndProject
Project("{2150E333-8FDC-42A3-9474-1A3956D46DE8}") = "ApiDemo", "ApiDemo", "{8CB48827-831F-45C6-9B8B-13F12837C246}"
EndProject
Project("{2150E333-8FDC-42A3-9474-1A3956D46DE8}") = "Compass", "Compass", "{E4099923-2169-4CF7-B002-7BA688A0484A}"
EndProject
Project("{FAE04EC0-301F-11D3-BF4B-00C04F79EFBC}") = "F2S.MvvmX.Glass.Compass.Droid", "F2S.MvvmX.Glass.Compass.Droid\F2S.MvvmX.Glass.Compass.Droid.csproj", "{B81C2E54-F49A-425C-902F-8BBA2F8AFB26}"
EndProject
Project("{2150E333-8FDC-42A3-9474-1A3956D46DE8}") = "Sphero", "Sphero", "{2AFBB734-2DA7-47A5-9BEA-7139C63063C1}"
EndProject
Project("{FAE04EC0-301F-11D3-BF4B-00C04F79EFBC}") = "F2S.MvvmX.Plugins.Sphero", "F2S.MvvmX.Plugins.Sphero\F2S.MvvmX.Plugins.Sphero.csproj", "{67741311-EC1C-40B3-98ED-8D68A172C44A}"
EndProject
Project("{FAE04EC0-301F-11D3-BF4B-00C04F79EFBC}") = "F2S.MvvmX.Plugins.Sphero.Droid", "F2S.MvvmX.Plugins.Sphero.Droid\F2S.MvvmX.Plugins.Sphero.Droid.csproj", "{0F6C6C54-C917-4614-8C7C-2F88716C6BB5}"
EndProject
Project("{FAE04EC0-301F-11D3-BF4B-00C04F79EFBC}") = "F2S.MvvmX.Sphero.UI.Droid", "F2S.MvvmX.Sphero.UI.Droid\F2S.MvvmX.Sphero.UI.Droid.csproj", "{A3C13379-7692-4FA4-9DEF-BC286AD16E49}"
EndProject
Project("{FAE04EC0-301F-11D3-BF4B-00C04F79EFBC}") = "F2S.MvvmX.Sphero.UI.Core", "F2S.MvvmX.Sphero.UI.Core\F2S.MvvmX.Sphero.UI.Core.csproj", "{B9C33D7C-D2FB-44E9-AFF4-D48F07BABCE7}"
EndProject
Project("{FAE04EC0-301F-11D3-BF4B-00C04F79EFBC}") = "F2S.MvvmX.Glass.Sphero", "F2S.MvvmX.Glass.Sphero\F2S.MvvmX.Glass.Sphero.csproj", "{CDE9F90C-727E-4A08-8B83-324204DA36AC}"
EndProject
Project("{2150E333-8FDC-42A3-9474-1A3956D46DE8}") = "Native", "Native", "{99AECB2C-658E-4D19-AF7D-F3EE5062DF35}"
EndProject
Project("{2150E333-8FDC-42A3-9474-1A3956D46DE8}") = "RobotKit", "RobotKit", "{DF76916D-9E9A-4A2E-8E5E-E09AFEE6B18A}"
EndProject
Project("{FAE04EC0-301F-11D3-BF4B-00C04F79EFBC}") = "F2S.MvvmX.Glass.Framework", "F2S.MvvmX.Glass.Framework\F2S.MvvmX.Glass.Framework.csproj", "{C8A5C033-D9B8-458C-8EB3-29837EB29AFF}"
EndProject
Project("{2150E333-8FDC-42A3-9474-1A3956D46DE8}") = "LiveCardApiDemo", "LiveCardApiDemo", "{6F333D47-09A4-45DF-85B0-65B3431CE2C6}"
EndProject
Project("{FAE04EC0-301F-11D3-BF4B-00C04F79EFBC}") = "F2S.MvvmX.Glass.LiveCardApiDemo.Droid", "F2S.MvvmX.Glass.LiveCardApiDemo.Droid\F2S.MvvmX.Glass.LiveCardApiDemo.Droid.csproj", "{513C40EC-75F5-4211-ACF5-0785B024E6BA}"
EndProject
Project("{FAE04EC0-301F-11D3-BF4B-00C04F79EFBC}") = "F2S.MvvmX.Glass.LiveCardApiDemo.Core", "F2S.MvvmX.Glass.LiveCardApiDemo.Core\F2S.MvvmX.Glass.LiveCardApiDemo.Core.csproj", "{4B1AEE33-1B0C-493C-93E2-470C54F356A8}"
EndProject
Project("{2150E333-8FDC-42A3-9474-1A3956D46DE8}") = "Plugins", "Plugins", "{1C4B81F3-603F-4B9A-B4F1-13321A5AD645}"
EndProject
Project("{2150E333-8FDC-42A3-9474-1A3956D46DE8}") = "Compass", "Compass", "{22B56BDA-9C7F-4C9B-889D-43D70EAD7264}"
EndProject
Project("{FAE04EC0-301F-11D3-BF4B-00C04F79EFBC}") = "F2S.MvvmX.Plugins.Compass", "F2S.MvvmX.Plugins.Compass\F2S.MvvmX.Plugins.Compass.csproj", "{2B7014CC-136F-4087-9362-A5245E998919}"
EndProject
Project("{2150E333-8FDC-42A3-9474-1A3956D46DE8}") = "TextToSpeech", "TextToSpeech", "{0C11611B-5062-4413-81E8-B1587372B249}"
EndProject
Project("{FAE04EC0-301F-11D3-BF4B-00C04F79EFBC}") = "F2S.MvvmX.Plugins.TextToSpeech", "F2S.MvvmX.Plugins.TextToSpeech\F2S.MvvmX.Plugins.TextToSpeech.csproj", "{0C2B1A3C-1486-4D54-A2A4-E721E8D579F1}"
EndProject
Project("{FAE04EC0-301F-11D3-BF4B-00C04F79EFBC}") = "F2S.MvvmX.Plugins.TextToSpeech.Droid", "F2S.MvvmX.Plugins.TextToSpeech.Droid\F2S.MvvmX.Plugins.TextToSpeech.Droid.csproj", "{8456161B-9C8A-43F6-B37F-491CF7F325E1}"
EndProject
Project("{2150E333-8FDC-42A3-9474-1A3956D46DE8}") = "Core", "Core", "{6977B5C5-05CC-45F1-AE39-EE3F09C38B02}"
EndProject
Project("{FAE04EC0-301F-11D3-BF4B-00C04F79EFBC}") = "F2S.MvvmX.Core.Glass", "F2S.MvvmX.Core.Glass\F2S.MvvmX.Core.Glass.csproj", "{F5BB7C29-D2B1-4E15-A77B-3CB603F24F7C}"
EndProject
Project("{2150E333-8FDC-42A3-9474-1A3956D46DE8}") = "Samples", "Samples", "{DF0FBF9D-36F2-4A2C-85DA-F281014DED20}"
EndProject
Project("{FAE04EC0-301F-11D3-BF4B-00C04F79EFBC}") = "F2S.MvvmX.Samples.Unified.Glass", "F2S.MvvmX.Samples.Unified.Glass\F2S.MvvmX.Samples.Unified.Glass.csproj", "{2740099F-DC28-484F-8798-34681273D907}"
EndProject
Project("{FAE04EC0-301F-11D3-BF4B-00C04F79EFBC}") = "QrCode.Glass", "QrCode.Glass\QrCode.Glass.csproj", "{666F698B-8BAF-483F-890B-C5DFB1333879}"
EndProject
Project("{FAE04EC0-301F-11D3-BF4B-00C04F79EFBC}") = "F2S.Glass.ApiDemo", "F2S.Glass.ApiDemo\F2S.Glass.ApiDemo.csproj", "{5EF4B35D-72AF-4CBF-ABB0-6A5DCAA07795}"
EndProject
Project("{2150E333-8FDC-42A3-9474-1A3956D46DE8}") = "TinyMvx", "TinyMvx", "{C313E6D5-4FAA-4201-9710-0370BCC31A1C}"
EndProject
Project("{FAE04EC0-301F-11D3-BF4B-00C04F79EFBC}") = "F2S.TinyMvx.Glass", "F2S.TinyMvx.Glass\F2S.TinyMvx.Glass.csproj", "{EB59E855-3246-487F-AFE2-F2E7DABB4E15}"
EndProject
Project("{FAE04EC0-301F-11D3-BF4B-00C04F79EFBC}") = "F2S.TinyMvx.Glass.Demo", "F2S.TinyMvx.Glass.Demo\F2S.TinyMvx.Glass.Demo.csproj", "{F396608E-C58A-4D6D-98FA-CAC382C73F26}"
EndProject
Project("{FAE04EC0-301F-11D3-BF4B-00C04F79EFBC}") = "F2S.TinyMvx.Glass.QR", "F2S.TinyMvx.Glass.QR\F2S.TinyMvx.Glass.QR.csproj", "{38934A2B-EDF8-4351-B30E-D9251A986B1D}"
EndProject
Project("{2150E333-8FDC-42A3-9474-1A3956D46DE8}") = "Glass", "Glass", "{A43F5E20-38BE-49F9-853C-CCA9C22B05C7}"
EndProject
Project("{2150E333-8FDC-42A3-9474-1A3956D46DE8}") = "Spikes", "Spikes", "{52223654-7445-40CA-A42C-B29A2578BB97}"
EndProject
Project("{FAE04EC0-301F-11D3-BF4B-00C04F79EFBC}") = "F2S.Glass.Spikes.QRScanner", "F2S.Glass.Spikes.QRScanner\F2S.Glass.Spikes.QRScanner.csproj", "{94B77A49-5A88-4450-93AE-A1D1C3BFB0EF}"
EndProject
Project("{2150E333-8FDC-42A3-9474-1A3956D46DE8}") = "On The Fly", "On The Fly", "{C5FAA684-1FD2-416A-A71A-C7F66EC7A664}"
EndProject
Project("{2150E333-8FDC-42A3-9474-1A3956D46DE8}") = "Media", "Media", "{044332E3-E822-4A7D-A13C-B81A61C35EC7}"
EndProject
Project("{2150E333-8FDC-42A3-9474-1A3956D46DE8}") = "Images", "Images", "{389C743C-D55E-4437-9C3B-EE81B1D4387A}"
	ProjectSection(SolutionItems) = preProject
		Media\Images\bleu1.png = Media\Images\bleu1.png
		Media\Images\bleu2.png = Media\Images\bleu2.png
		Media\Images\bleu3.png = Media\Images\bleu3.png
		Media\Images\bleu4.png = Media\Images\bleu4.png
		Media\Images\bleu5.png = Media\Images\bleu5.png
		Media\Images\braque899.png = Media\Images\braque899.png
		Media\Images\ic_colon.png = Media\Images\ic_colon.png
		Media\Images\ic_interpunc.png = Media\Images\ic_interpunc.png
		Media\Images\ic_lap.png = Media\Images\ic_lap.png
		Media\Images\ic_stop.png = Media\Images\ic_stop.png
		Media\Images\qrcode.png = Media\Images\qrcode.png
	EndProjectSection
EndProject
Project("{FAE04EC0-301F-11D3-BF4B-00C04F79EFBC}") = "F2S.Glass.OnTheFly.GlassCodingDemo", "F2S.Glass.OnTheFly.GlassCodingDemo\F2S.Glass.OnTheFly.GlassCodingDemo.csproj", "{2847546D-39CA-422F-9663-0327CCC0324A}"
EndProject
Project("{FAE04EC0-301F-11D3-BF4B-00C04F79EFBC}") = "F2S.Glass.Spikes.Stopwatch", "F2S.Glass.Spikes.Stopwatch\F2S.Glass.Spikes.Stopwatch.csproj", "{B7E7C0AD-7518-4078-96BE-C1E0F5542786}"
EndProject
Project("{2150E333-8FDC-42A3-9474-1A3956D46DE8}") = "Framework", "Framework", "{742555F3-2A51-4490-8770-BD04D631DD68}"
EndProject
Project("{FAE04EC0-301F-11D3-BF4B-00C04F79EFBC}") = "F2S.Glass.Framework", "F2S.Glass.Framework\F2S.Glass.Framework.csproj", "{0AC14FCB-7FE6-445C-8827-1E8854222D79}"
EndProject
Project("{2150E333-8FDC-42A3-9474-1A3956D46DE8}") = "Minimal", "Minimal", "{F0454F93-2EFA-446C-89ED-55057D734693}"
EndProject
Project("{FAE04EC0-301F-11D3-BF4B-00C04F79EFBC}") = "F2S.Glass.Spikes.Minimal.RemoteViews", "F2S.Glass.Spikes.Minimal.RemoteViews\F2S.Glass.Spikes.Minimal.RemoteViews.csproj", "{9DB3C062-77CE-42B5-82F0-8B05BF10A3D2}"
EndProject
Project("{FAE04EC0-301F-11D3-BF4B-00C04F79EFBC}") = "F2S.Glass.Spikes.Minimal.RenderTarget", "F2S.Glass.Spikes.Minimal.RenderTarget\F2S.Glass.Spikes.Minimal.RenderTarget.csproj", "{11A77BD3-51B7-44ED-A715-B443DA899953}"
EndProject
Project("{FAE04EC0-301F-11D3-BF4B-00C04F79EFBC}") = "F2S.Glass.Spikes.Minimal.StaticCard", "F2S.Glass.Spikes.Minimal.StaticCard\F2S.Glass.Spikes.Minimal.StaticCard.csproj", "{30F41912-DFF1-4B4D-84CC-F1479CF0EB10}"
EndProject
Project("{FAE04EC0-301F-11D3-BF4B-00C04F79EFBC}") = "F2S.Glass.Spikes.Minimal.ScrollingCards", "F2S.Glass.Spikes.Minimal.ScrollingCards\F2S.Glass.Spikes.Minimal.ScrollingCards.csproj", "{9967C127-AB61-4D77-85A4-66B1DD305AB1}"
EndProject
Project("{FAE04EC0-301F-11D3-BF4B-00C04F79EFBC}") = "F2S.Glass.Spikes.ApiDemo", "F2S.Glass.Spikes.ApiDemo\F2S.Glass.Spikes.ApiDemo.csproj", "{0064C68D-305A-4CD3-9386-43DCEDA51CDC}"
EndProject
Global
	GlobalSection(SolutionConfigurationPlatforms) = preSolution
		Ad-Hoc|Any CPU = Ad-Hoc|Any CPU
		Ad-Hoc|iPhone = Ad-Hoc|iPhone
		Ad-Hoc|iPhoneSimulator = Ad-Hoc|iPhoneSimulator
		Ad-Hoc|Mixed Platforms = Ad-Hoc|Mixed Platforms
		AppStore|Any CPU = AppStore|Any CPU
		AppStore|iPhone = AppStore|iPhone
		AppStore|iPhoneSimulator = AppStore|iPhoneSimulator
		AppStore|Mixed Platforms = AppStore|Mixed Platforms
		Debug|Any CPU = Debug|Any CPU
		Debug|iPhone = Debug|iPhone
		Debug|iPhoneSimulator = Debug|iPhoneSimulator
		Debug|Mixed Platforms = Debug|Mixed Platforms
		Release|Any CPU = Release|Any CPU
		Release|iPhone = Release|iPhone
		Release|iPhoneSimulator = Release|iPhoneSimulator
		Release|Mixed Platforms = Release|Mixed Platforms
	EndGlobalSection
	GlobalSection(ProjectConfigurationPlatforms) = postSolution
		{7F71634F-F581-4E87-ADB2-C563E3768AFA}.Ad-Hoc|Any CPU.ActiveCfg = Release|Any CPU
		{7F71634F-F581-4E87-ADB2-C563E3768AFA}.Ad-Hoc|Any CPU.Build.0 = Release|Any CPU
		{7F71634F-F581-4E87-ADB2-C563E3768AFA}.Ad-Hoc|iPhone.ActiveCfg = Release|Any CPU
		{7F71634F-F581-4E87-ADB2-C563E3768AFA}.Ad-Hoc|iPhoneSimulator.ActiveCfg = Release|Any CPU
		{7F71634F-F581-4E87-ADB2-C563E3768AFA}.Ad-Hoc|Mixed Platforms.ActiveCfg = Release|Any CPU
		{7F71634F-F581-4E87-ADB2-C563E3768AFA}.Ad-Hoc|Mixed Platforms.Build.0 = Release|Any CPU
		{7F71634F-F581-4E87-ADB2-C563E3768AFA}.AppStore|Any CPU.ActiveCfg = Release|Any CPU
		{7F71634F-F581-4E87-ADB2-C563E3768AFA}.AppStore|Any CPU.Build.0 = Release|Any CPU
		{7F71634F-F581-4E87-ADB2-C563E3768AFA}.AppStore|iPhone.ActiveCfg = Release|Any CPU
		{7F71634F-F581-4E87-ADB2-C563E3768AFA}.AppStore|iPhoneSimulator.ActiveCfg = Release|Any CPU
		{7F71634F-F581-4E87-ADB2-C563E3768AFA}.AppStore|Mixed Platforms.ActiveCfg = Release|Any CPU
		{7F71634F-F581-4E87-ADB2-C563E3768AFA}.AppStore|Mixed Platforms.Build.0 = Release|Any CPU
		{7F71634F-F581-4E87-ADB2-C563E3768AFA}.Debug|Any CPU.ActiveCfg = Debug|Any CPU
		{7F71634F-F581-4E87-ADB2-C563E3768AFA}.Debug|Any CPU.Build.0 = Debug|Any CPU
		{7F71634F-F581-4E87-ADB2-C563E3768AFA}.Debug|iPhone.ActiveCfg = Debug|Any CPU
		{7F71634F-F581-4E87-ADB2-C563E3768AFA}.Debug|iPhoneSimulator.ActiveCfg = Debug|Any CPU
		{7F71634F-F581-4E87-ADB2-C563E3768AFA}.Debug|Mixed Platforms.ActiveCfg = Debug|Any CPU
		{7F71634F-F581-4E87-ADB2-C563E3768AFA}.Debug|Mixed Platforms.Build.0 = Debug|Any CPU
		{7F71634F-F581-4E87-ADB2-C563E3768AFA}.Release|Any CPU.ActiveCfg = Release|Any CPU
		{7F71634F-F581-4E87-ADB2-C563E3768AFA}.Release|Any CPU.Build.0 = Release|Any CPU
		{7F71634F-F581-4E87-ADB2-C563E3768AFA}.Release|iPhone.ActiveCfg = Release|Any CPU
		{7F71634F-F581-4E87-ADB2-C563E3768AFA}.Release|iPhoneSimulator.ActiveCfg = Release|Any CPU
		{7F71634F-F581-4E87-ADB2-C563E3768AFA}.Release|Mixed Platforms.ActiveCfg = Release|Any CPU
		{7F71634F-F581-4E87-ADB2-C563E3768AFA}.Release|Mixed Platforms.Build.0 = Release|Any CPU
		{54AB14BB-F1D4-42CF-B899-8CC4BDC7619D}.Ad-Hoc|Any CPU.ActiveCfg = Release|Any CPU
		{54AB14BB-F1D4-42CF-B899-8CC4BDC7619D}.Ad-Hoc|Any CPU.Build.0 = Release|Any CPU
		{54AB14BB-F1D4-42CF-B899-8CC4BDC7619D}.Ad-Hoc|Any CPU.Deploy.0 = Release|Any CPU
		{54AB14BB-F1D4-42CF-B899-8CC4BDC7619D}.Ad-Hoc|iPhone.ActiveCfg = Release|Any CPU
		{54AB14BB-F1D4-42CF-B899-8CC4BDC7619D}.Ad-Hoc|iPhoneSimulator.ActiveCfg = Release|Any CPU
		{54AB14BB-F1D4-42CF-B899-8CC4BDC7619D}.Ad-Hoc|Mixed Platforms.ActiveCfg = Release|Any CPU
		{54AB14BB-F1D4-42CF-B899-8CC4BDC7619D}.Ad-Hoc|Mixed Platforms.Build.0 = Release|Any CPU
		{54AB14BB-F1D4-42CF-B899-8CC4BDC7619D}.Ad-Hoc|Mixed Platforms.Deploy.0 = Release|Any CPU
		{54AB14BB-F1D4-42CF-B899-8CC4BDC7619D}.AppStore|Any CPU.ActiveCfg = Release|Any CPU
		{54AB14BB-F1D4-42CF-B899-8CC4BDC7619D}.AppStore|Any CPU.Build.0 = Release|Any CPU
		{54AB14BB-F1D4-42CF-B899-8CC4BDC7619D}.AppStore|Any CPU.Deploy.0 = Release|Any CPU
		{54AB14BB-F1D4-42CF-B899-8CC4BDC7619D}.AppStore|iPhone.ActiveCfg = Release|Any CPU
		{54AB14BB-F1D4-42CF-B899-8CC4BDC7619D}.AppStore|iPhoneSimulator.ActiveCfg = Release|Any CPU
		{54AB14BB-F1D4-42CF-B899-8CC4BDC7619D}.AppStore|Mixed Platforms.ActiveCfg = Release|Any CPU
		{54AB14BB-F1D4-42CF-B899-8CC4BDC7619D}.AppStore|Mixed Platforms.Build.0 = Release|Any CPU
		{54AB14BB-F1D4-42CF-B899-8CC4BDC7619D}.AppStore|Mixed Platforms.Deploy.0 = Release|Any CPU
		{54AB14BB-F1D4-42CF-B899-8CC4BDC7619D}.Debug|Any CPU.ActiveCfg = Debug|Any CPU
		{54AB14BB-F1D4-42CF-B899-8CC4BDC7619D}.Debug|Any CPU.Build.0 = Debug|Any CPU
		{54AB14BB-F1D4-42CF-B899-8CC4BDC7619D}.Debug|Any CPU.Deploy.0 = Debug|Any CPU
		{54AB14BB-F1D4-42CF-B899-8CC4BDC7619D}.Debug|iPhone.ActiveCfg = Debug|Any CPU
		{54AB14BB-F1D4-42CF-B899-8CC4BDC7619D}.Debug|iPhoneSimulator.ActiveCfg = Debug|Any CPU
		{54AB14BB-F1D4-42CF-B899-8CC4BDC7619D}.Debug|Mixed Platforms.ActiveCfg = Debug|Any CPU
		{54AB14BB-F1D4-42CF-B899-8CC4BDC7619D}.Debug|Mixed Platforms.Build.0 = Debug|Any CPU
		{54AB14BB-F1D4-42CF-B899-8CC4BDC7619D}.Debug|Mixed Platforms.Deploy.0 = Debug|Any CPU
		{54AB14BB-F1D4-42CF-B899-8CC4BDC7619D}.Release|Any CPU.ActiveCfg = Release|Any CPU
		{54AB14BB-F1D4-42CF-B899-8CC4BDC7619D}.Release|Any CPU.Build.0 = Release|Any CPU
		{54AB14BB-F1D4-42CF-B899-8CC4BDC7619D}.Release|Any CPU.Deploy.0 = Release|Any CPU
		{54AB14BB-F1D4-42CF-B899-8CC4BDC7619D}.Release|iPhone.ActiveCfg = Release|Any CPU
		{54AB14BB-F1D4-42CF-B899-8CC4BDC7619D}.Release|iPhoneSimulator.ActiveCfg = Release|Any CPU
		{54AB14BB-F1D4-42CF-B899-8CC4BDC7619D}.Release|Mixed Platforms.ActiveCfg = Release|Any CPU
		{54AB14BB-F1D4-42CF-B899-8CC4BDC7619D}.Release|Mixed Platforms.Build.0 = Release|Any CPU
		{54AB14BB-F1D4-42CF-B899-8CC4BDC7619D}.Release|Mixed Platforms.Deploy.0 = Release|Any CPU
		{5610DE43-7BA4-45A8-ABBB-732AE221B5CF}.Ad-Hoc|Any CPU.ActiveCfg = Release|Any CPU
		{5610DE43-7BA4-45A8-ABBB-732AE221B5CF}.Ad-Hoc|Any CPU.Build.0 = Release|Any CPU
		{5610DE43-7BA4-45A8-ABBB-732AE221B5CF}.Ad-Hoc|Any CPU.Deploy.0 = Release|Any CPU
		{5610DE43-7BA4-45A8-ABBB-732AE221B5CF}.Ad-Hoc|iPhone.ActiveCfg = Release|Any CPU
		{5610DE43-7BA4-45A8-ABBB-732AE221B5CF}.Ad-Hoc|iPhoneSimulator.ActiveCfg = Release|Any CPU
		{5610DE43-7BA4-45A8-ABBB-732AE221B5CF}.Ad-Hoc|Mixed Platforms.ActiveCfg = Release|Any CPU
		{5610DE43-7BA4-45A8-ABBB-732AE221B5CF}.Ad-Hoc|Mixed Platforms.Build.0 = Release|Any CPU
		{5610DE43-7BA4-45A8-ABBB-732AE221B5CF}.Ad-Hoc|Mixed Platforms.Deploy.0 = Release|Any CPU
		{5610DE43-7BA4-45A8-ABBB-732AE221B5CF}.AppStore|Any CPU.ActiveCfg = Release|Any CPU
		{5610DE43-7BA4-45A8-ABBB-732AE221B5CF}.AppStore|Any CPU.Build.0 = Release|Any CPU
		{5610DE43-7BA4-45A8-ABBB-732AE221B5CF}.AppStore|Any CPU.Deploy.0 = Release|Any CPU
		{5610DE43-7BA4-45A8-ABBB-732AE221B5CF}.AppStore|iPhone.ActiveCfg = Release|Any CPU
		{5610DE43-7BA4-45A8-ABBB-732AE221B5CF}.AppStore|iPhoneSimulator.ActiveCfg = Release|Any CPU
		{5610DE43-7BA4-45A8-ABBB-732AE221B5CF}.AppStore|Mixed Platforms.ActiveCfg = Release|Any CPU
		{5610DE43-7BA4-45A8-ABBB-732AE221B5CF}.AppStore|Mixed Platforms.Build.0 = Release|Any CPU
		{5610DE43-7BA4-45A8-ABBB-732AE221B5CF}.AppStore|Mixed Platforms.Deploy.0 = Release|Any CPU
		{5610DE43-7BA4-45A8-ABBB-732AE221B5CF}.Debug|Any CPU.ActiveCfg = Debug|Any CPU
		{5610DE43-7BA4-45A8-ABBB-732AE221B5CF}.Debug|Any CPU.Build.0 = Debug|Any CPU
		{5610DE43-7BA4-45A8-ABBB-732AE221B5CF}.Debug|Any CPU.Deploy.0 = Debug|Any CPU
		{5610DE43-7BA4-45A8-ABBB-732AE221B5CF}.Debug|iPhone.ActiveCfg = Debug|Any CPU
		{5610DE43-7BA4-45A8-ABBB-732AE221B5CF}.Debug|iPhoneSimulator.ActiveCfg = Debug|Any CPU
		{5610DE43-7BA4-45A8-ABBB-732AE221B5CF}.Debug|Mixed Platforms.ActiveCfg = Debug|Any CPU
		{5610DE43-7BA4-45A8-ABBB-732AE221B5CF}.Debug|Mixed Platforms.Build.0 = Debug|Any CPU
		{5610DE43-7BA4-45A8-ABBB-732AE221B5CF}.Debug|Mixed Platforms.Deploy.0 = Debug|Any CPU
		{5610DE43-7BA4-45A8-ABBB-732AE221B5CF}.Release|Any CPU.ActiveCfg = Release|Any CPU
		{5610DE43-7BA4-45A8-ABBB-732AE221B5CF}.Release|Any CPU.Build.0 = Release|Any CPU
		{5610DE43-7BA4-45A8-ABBB-732AE221B5CF}.Release|Any CPU.Deploy.0 = Release|Any CPU
		{5610DE43-7BA4-45A8-ABBB-732AE221B5CF}.Release|iPhone.ActiveCfg = Release|Any CPU
		{5610DE43-7BA4-45A8-ABBB-732AE221B5CF}.Release|iPhoneSimulator.ActiveCfg = Release|Any CPU
		{5610DE43-7BA4-45A8-ABBB-732AE221B5CF}.Release|Mixed Platforms.ActiveCfg = Release|Any CPU
		{5610DE43-7BA4-45A8-ABBB-732AE221B5CF}.Release|Mixed Platforms.Build.0 = Release|Any CPU
		{5610DE43-7BA4-45A8-ABBB-732AE221B5CF}.Release|Mixed Platforms.Deploy.0 = Release|Any CPU
		{2A57E88D-9DDB-47A1-B9FF-008C889362EA}.Ad-Hoc|Any CPU.ActiveCfg = Release|Any CPU
		{2A57E88D-9DDB-47A1-B9FF-008C889362EA}.Ad-Hoc|Any CPU.Build.0 = Release|Any CPU
		{2A57E88D-9DDB-47A1-B9FF-008C889362EA}.Ad-Hoc|iPhone.ActiveCfg = Release|Any CPU
		{2A57E88D-9DDB-47A1-B9FF-008C889362EA}.Ad-Hoc|iPhoneSimulator.ActiveCfg = Release|Any CPU
		{2A57E88D-9DDB-47A1-B9FF-008C889362EA}.Ad-Hoc|Mixed Platforms.ActiveCfg = Release|Any CPU
		{2A57E88D-9DDB-47A1-B9FF-008C889362EA}.Ad-Hoc|Mixed Platforms.Build.0 = Release|Any CPU
		{2A57E88D-9DDB-47A1-B9FF-008C889362EA}.AppStore|Any CPU.ActiveCfg = Release|Any CPU
		{2A57E88D-9DDB-47A1-B9FF-008C889362EA}.AppStore|Any CPU.Build.0 = Release|Any CPU
		{2A57E88D-9DDB-47A1-B9FF-008C889362EA}.AppStore|iPhone.ActiveCfg = Release|Any CPU
		{2A57E88D-9DDB-47A1-B9FF-008C889362EA}.AppStore|iPhoneSimulator.ActiveCfg = Release|Any CPU
		{2A57E88D-9DDB-47A1-B9FF-008C889362EA}.AppStore|Mixed Platforms.ActiveCfg = Release|Any CPU
		{2A57E88D-9DDB-47A1-B9FF-008C889362EA}.AppStore|Mixed Platforms.Build.0 = Release|Any CPU
		{2A57E88D-9DDB-47A1-B9FF-008C889362EA}.Debug|Any CPU.ActiveCfg = Debug|Any CPU
		{2A57E88D-9DDB-47A1-B9FF-008C889362EA}.Debug|Any CPU.Build.0 = Debug|Any CPU
		{2A57E88D-9DDB-47A1-B9FF-008C889362EA}.Debug|iPhone.ActiveCfg = Debug|Any CPU
		{2A57E88D-9DDB-47A1-B9FF-008C889362EA}.Debug|iPhoneSimulator.ActiveCfg = Debug|Any CPU
		{2A57E88D-9DDB-47A1-B9FF-008C889362EA}.Debug|Mixed Platforms.ActiveCfg = Debug|Any CPU
		{2A57E88D-9DDB-47A1-B9FF-008C889362EA}.Debug|Mixed Platforms.Build.0 = Debug|Any CPU
		{2A57E88D-9DDB-47A1-B9FF-008C889362EA}.Release|Any CPU.ActiveCfg = Release|Any CPU
		{2A57E88D-9DDB-47A1-B9FF-008C889362EA}.Release|Any CPU.Build.0 = Release|Any CPU
		{2A57E88D-9DDB-47A1-B9FF-008C889362EA}.Release|iPhone.ActiveCfg = Release|Any CPU
		{2A57E88D-9DDB-47A1-B9FF-008C889362EA}.Release|iPhoneSimulator.ActiveCfg = Release|Any CPU
		{2A57E88D-9DDB-47A1-B9FF-008C889362EA}.Release|Mixed Platforms.ActiveCfg = Release|Any CPU
		{2A57E88D-9DDB-47A1-B9FF-008C889362EA}.Release|Mixed Platforms.Build.0 = Release|Any CPU
		{B81C2E54-F49A-425C-902F-8BBA2F8AFB26}.Ad-Hoc|Any CPU.ActiveCfg = Release|Any CPU
		{B81C2E54-F49A-425C-902F-8BBA2F8AFB26}.Ad-Hoc|Any CPU.Build.0 = Release|Any CPU
		{B81C2E54-F49A-425C-902F-8BBA2F8AFB26}.Ad-Hoc|Any CPU.Deploy.0 = Release|Any CPU
		{B81C2E54-F49A-425C-902F-8BBA2F8AFB26}.Ad-Hoc|iPhone.ActiveCfg = Release|Any CPU
		{B81C2E54-F49A-425C-902F-8BBA2F8AFB26}.Ad-Hoc|iPhoneSimulator.ActiveCfg = Release|Any CPU
		{B81C2E54-F49A-425C-902F-8BBA2F8AFB26}.Ad-Hoc|Mixed Platforms.ActiveCfg = Release|Any CPU
		{B81C2E54-F49A-425C-902F-8BBA2F8AFB26}.Ad-Hoc|Mixed Platforms.Build.0 = Release|Any CPU
		{B81C2E54-F49A-425C-902F-8BBA2F8AFB26}.Ad-Hoc|Mixed Platforms.Deploy.0 = Release|Any CPU
		{B81C2E54-F49A-425C-902F-8BBA2F8AFB26}.AppStore|Any CPU.ActiveCfg = Release|Any CPU
		{B81C2E54-F49A-425C-902F-8BBA2F8AFB26}.AppStore|Any CPU.Build.0 = Release|Any CPU
		{B81C2E54-F49A-425C-902F-8BBA2F8AFB26}.AppStore|Any CPU.Deploy.0 = Release|Any CPU
		{B81C2E54-F49A-425C-902F-8BBA2F8AFB26}.AppStore|iPhone.ActiveCfg = Release|Any CPU
		{B81C2E54-F49A-425C-902F-8BBA2F8AFB26}.AppStore|iPhoneSimulator.ActiveCfg = Release|Any CPU
		{B81C2E54-F49A-425C-902F-8BBA2F8AFB26}.AppStore|Mixed Platforms.ActiveCfg = Release|Any CPU
		{B81C2E54-F49A-425C-902F-8BBA2F8AFB26}.AppStore|Mixed Platforms.Build.0 = Release|Any CPU
		{B81C2E54-F49A-425C-902F-8BBA2F8AFB26}.AppStore|Mixed Platforms.Deploy.0 = Release|Any CPU
		{B81C2E54-F49A-425C-902F-8BBA2F8AFB26}.Debug|Any CPU.ActiveCfg = Debug|Any CPU
		{B81C2E54-F49A-425C-902F-8BBA2F8AFB26}.Debug|Any CPU.Build.0 = Debug|Any CPU
		{B81C2E54-F49A-425C-902F-8BBA2F8AFB26}.Debug|Any CPU.Deploy.0 = Debug|Any CPU
		{B81C2E54-F49A-425C-902F-8BBA2F8AFB26}.Debug|iPhone.ActiveCfg = Debug|Any CPU
		{B81C2E54-F49A-425C-902F-8BBA2F8AFB26}.Debug|iPhoneSimulator.ActiveCfg = Debug|Any CPU
		{B81C2E54-F49A-425C-902F-8BBA2F8AFB26}.Debug|Mixed Platforms.ActiveCfg = Debug|Any CPU
		{B81C2E54-F49A-425C-902F-8BBA2F8AFB26}.Debug|Mixed Platforms.Build.0 = Debug|Any CPU
		{B81C2E54-F49A-425C-902F-8BBA2F8AFB26}.Debug|Mixed Platforms.Deploy.0 = Debug|Any CPU
		{B81C2E54-F49A-425C-902F-8BBA2F8AFB26}.Release|Any CPU.ActiveCfg = Release|Any CPU
		{B81C2E54-F49A-425C-902F-8BBA2F8AFB26}.Release|Any CPU.Build.0 = Release|Any CPU
		{B81C2E54-F49A-425C-902F-8BBA2F8AFB26}.Release|Any CPU.Deploy.0 = Release|Any CPU
		{B81C2E54-F49A-425C-902F-8BBA2F8AFB26}.Release|iPhone.ActiveCfg = Release|Any CPU
		{B81C2E54-F49A-425C-902F-8BBA2F8AFB26}.Release|iPhoneSimulator.ActiveCfg = Release|Any CPU
		{B81C2E54-F49A-425C-902F-8BBA2F8AFB26}.Release|Mixed Platforms.ActiveCfg = Release|Any CPU
		{B81C2E54-F49A-425C-902F-8BBA2F8AFB26}.Release|Mixed Platforms.Build.0 = Release|Any CPU
		{B81C2E54-F49A-425C-902F-8BBA2F8AFB26}.Release|Mixed Platforms.Deploy.0 = Release|Any CPU
		{67741311-EC1C-40B3-98ED-8D68A172C44A}.Ad-Hoc|Any CPU.ActiveCfg = Release|Any CPU
		{67741311-EC1C-40B3-98ED-8D68A172C44A}.Ad-Hoc|Any CPU.Build.0 = Release|Any CPU
		{67741311-EC1C-40B3-98ED-8D68A172C44A}.Ad-Hoc|iPhone.ActiveCfg = Release|Any CPU
		{67741311-EC1C-40B3-98ED-8D68A172C44A}.Ad-Hoc|iPhoneSimulator.ActiveCfg = Release|Any CPU
		{67741311-EC1C-40B3-98ED-8D68A172C44A}.Ad-Hoc|Mixed Platforms.ActiveCfg = Release|Any CPU
		{67741311-EC1C-40B3-98ED-8D68A172C44A}.Ad-Hoc|Mixed Platforms.Build.0 = Release|Any CPU
		{67741311-EC1C-40B3-98ED-8D68A172C44A}.AppStore|Any CPU.ActiveCfg = Release|Any CPU
		{67741311-EC1C-40B3-98ED-8D68A172C44A}.AppStore|Any CPU.Build.0 = Release|Any CPU
		{67741311-EC1C-40B3-98ED-8D68A172C44A}.AppStore|iPhone.ActiveCfg = Release|Any CPU
		{67741311-EC1C-40B3-98ED-8D68A172C44A}.AppStore|iPhoneSimulator.ActiveCfg = Release|Any CPU
		{67741311-EC1C-40B3-98ED-8D68A172C44A}.AppStore|Mixed Platforms.ActiveCfg = Release|Any CPU
		{67741311-EC1C-40B3-98ED-8D68A172C44A}.AppStore|Mixed Platforms.Build.0 = Release|Any CPU
		{67741311-EC1C-40B3-98ED-8D68A172C44A}.Debug|Any CPU.ActiveCfg = Debug|Any CPU
		{67741311-EC1C-40B3-98ED-8D68A172C44A}.Debug|Any CPU.Build.0 = Debug|Any CPU
		{67741311-EC1C-40B3-98ED-8D68A172C44A}.Debug|iPhone.ActiveCfg = Debug|Any CPU
		{67741311-EC1C-40B3-98ED-8D68A172C44A}.Debug|iPhoneSimulator.ActiveCfg = Debug|Any CPU
		{67741311-EC1C-40B3-98ED-8D68A172C44A}.Debug|Mixed Platforms.ActiveCfg = Debug|Any CPU
		{67741311-EC1C-40B3-98ED-8D68A172C44A}.Debug|Mixed Platforms.Build.0 = Debug|Any CPU
		{67741311-EC1C-40B3-98ED-8D68A172C44A}.Release|Any CPU.ActiveCfg = Release|Any CPU
		{67741311-EC1C-40B3-98ED-8D68A172C44A}.Release|Any CPU.Build.0 = Release|Any CPU
		{67741311-EC1C-40B3-98ED-8D68A172C44A}.Release|iPhone.ActiveCfg = Release|Any CPU
		{67741311-EC1C-40B3-98ED-8D68A172C44A}.Release|iPhoneSimulator.ActiveCfg = Release|Any CPU
		{67741311-EC1C-40B3-98ED-8D68A172C44A}.Release|Mixed Platforms.ActiveCfg = Release|Any CPU
		{67741311-EC1C-40B3-98ED-8D68A172C44A}.Release|Mixed Platforms.Build.0 = Release|Any CPU
		{0F6C6C54-C917-4614-8C7C-2F88716C6BB5}.Ad-Hoc|Any CPU.ActiveCfg = Release|Any CPU
		{0F6C6C54-C917-4614-8C7C-2F88716C6BB5}.Ad-Hoc|Any CPU.Build.0 = Release|Any CPU
		{0F6C6C54-C917-4614-8C7C-2F88716C6BB5}.Ad-Hoc|iPhone.ActiveCfg = Release|Any CPU
		{0F6C6C54-C917-4614-8C7C-2F88716C6BB5}.Ad-Hoc|iPhoneSimulator.ActiveCfg = Release|Any CPU
		{0F6C6C54-C917-4614-8C7C-2F88716C6BB5}.Ad-Hoc|Mixed Platforms.ActiveCfg = Release|Any CPU
		{0F6C6C54-C917-4614-8C7C-2F88716C6BB5}.Ad-Hoc|Mixed Platforms.Build.0 = Release|Any CPU
		{0F6C6C54-C917-4614-8C7C-2F88716C6BB5}.AppStore|Any CPU.ActiveCfg = Release|Any CPU
		{0F6C6C54-C917-4614-8C7C-2F88716C6BB5}.AppStore|Any CPU.Build.0 = Release|Any CPU
		{0F6C6C54-C917-4614-8C7C-2F88716C6BB5}.AppStore|iPhone.ActiveCfg = Release|Any CPU
		{0F6C6C54-C917-4614-8C7C-2F88716C6BB5}.AppStore|iPhoneSimulator.ActiveCfg = Release|Any CPU
		{0F6C6C54-C917-4614-8C7C-2F88716C6BB5}.AppStore|Mixed Platforms.ActiveCfg = Release|Any CPU
		{0F6C6C54-C917-4614-8C7C-2F88716C6BB5}.AppStore|Mixed Platforms.Build.0 = Release|Any CPU
		{0F6C6C54-C917-4614-8C7C-2F88716C6BB5}.Debug|Any CPU.ActiveCfg = Debug|Any CPU
		{0F6C6C54-C917-4614-8C7C-2F88716C6BB5}.Debug|Any CPU.Build.0 = Debug|Any CPU
		{0F6C6C54-C917-4614-8C7C-2F88716C6BB5}.Debug|iPhone.ActiveCfg = Debug|Any CPU
		{0F6C6C54-C917-4614-8C7C-2F88716C6BB5}.Debug|iPhoneSimulator.ActiveCfg = Debug|Any CPU
		{0F6C6C54-C917-4614-8C7C-2F88716C6BB5}.Debug|Mixed Platforms.ActiveCfg = Debug|Any CPU
		{0F6C6C54-C917-4614-8C7C-2F88716C6BB5}.Debug|Mixed Platforms.Build.0 = Debug|Any CPU
		{0F6C6C54-C917-4614-8C7C-2F88716C6BB5}.Release|Any CPU.ActiveCfg = Release|Any CPU
		{0F6C6C54-C917-4614-8C7C-2F88716C6BB5}.Release|Any CPU.Build.0 = Release|Any CPU
		{0F6C6C54-C917-4614-8C7C-2F88716C6BB5}.Release|iPhone.ActiveCfg = Release|Any CPU
		{0F6C6C54-C917-4614-8C7C-2F88716C6BB5}.Release|iPhoneSimulator.ActiveCfg = Release|Any CPU
		{0F6C6C54-C917-4614-8C7C-2F88716C6BB5}.Release|Mixed Platforms.ActiveCfg = Release|Any CPU
		{0F6C6C54-C917-4614-8C7C-2F88716C6BB5}.Release|Mixed Platforms.Build.0 = Release|Any CPU
		{A3C13379-7692-4FA4-9DEF-BC286AD16E49}.Ad-Hoc|Any CPU.ActiveCfg = Release|Any CPU
		{A3C13379-7692-4FA4-9DEF-BC286AD16E49}.Ad-Hoc|Any CPU.Build.0 = Release|Any CPU
		{A3C13379-7692-4FA4-9DEF-BC286AD16E49}.Ad-Hoc|Any CPU.Deploy.0 = Release|Any CPU
		{A3C13379-7692-4FA4-9DEF-BC286AD16E49}.Ad-Hoc|iPhone.ActiveCfg = Release|Any CPU
		{A3C13379-7692-4FA4-9DEF-BC286AD16E49}.Ad-Hoc|iPhoneSimulator.ActiveCfg = Release|Any CPU
		{A3C13379-7692-4FA4-9DEF-BC286AD16E49}.Ad-Hoc|Mixed Platforms.ActiveCfg = Release|Any CPU
		{A3C13379-7692-4FA4-9DEF-BC286AD16E49}.Ad-Hoc|Mixed Platforms.Build.0 = Release|Any CPU
		{A3C13379-7692-4FA4-9DEF-BC286AD16E49}.Ad-Hoc|Mixed Platforms.Deploy.0 = Release|Any CPU
		{A3C13379-7692-4FA4-9DEF-BC286AD16E49}.AppStore|Any CPU.ActiveCfg = Release|Any CPU
		{A3C13379-7692-4FA4-9DEF-BC286AD16E49}.AppStore|Any CPU.Build.0 = Release|Any CPU
		{A3C13379-7692-4FA4-9DEF-BC286AD16E49}.AppStore|Any CPU.Deploy.0 = Release|Any CPU
		{A3C13379-7692-4FA4-9DEF-BC286AD16E49}.AppStore|iPhone.ActiveCfg = Release|Any CPU
		{A3C13379-7692-4FA4-9DEF-BC286AD16E49}.AppStore|iPhoneSimulator.ActiveCfg = Release|Any CPU
		{A3C13379-7692-4FA4-9DEF-BC286AD16E49}.AppStore|Mixed Platforms.ActiveCfg = Release|Any CPU
		{A3C13379-7692-4FA4-9DEF-BC286AD16E49}.AppStore|Mixed Platforms.Build.0 = Release|Any CPU
		{A3C13379-7692-4FA4-9DEF-BC286AD16E49}.AppStore|Mixed Platforms.Deploy.0 = Release|Any CPU
		{A3C13379-7692-4FA4-9DEF-BC286AD16E49}.Debug|Any CPU.ActiveCfg = Debug|Any CPU
		{A3C13379-7692-4FA4-9DEF-BC286AD16E49}.Debug|Any CPU.Build.0 = Debug|Any CPU
		{A3C13379-7692-4FA4-9DEF-BC286AD16E49}.Debug|Any CPU.Deploy.0 = Debug|Any CPU
		{A3C13379-7692-4FA4-9DEF-BC286AD16E49}.Debug|iPhone.ActiveCfg = Debug|Any CPU
		{A3C13379-7692-4FA4-9DEF-BC286AD16E49}.Debug|iPhoneSimulator.ActiveCfg = Debug|Any CPU
		{A3C13379-7692-4FA4-9DEF-BC286AD16E49}.Debug|Mixed Platforms.ActiveCfg = Debug|Any CPU
		{A3C13379-7692-4FA4-9DEF-BC286AD16E49}.Debug|Mixed Platforms.Build.0 = Debug|Any CPU
		{A3C13379-7692-4FA4-9DEF-BC286AD16E49}.Debug|Mixed Platforms.Deploy.0 = Debug|Any CPU
		{A3C13379-7692-4FA4-9DEF-BC286AD16E49}.Release|Any CPU.ActiveCfg = Release|Any CPU
		{A3C13379-7692-4FA4-9DEF-BC286AD16E49}.Release|Any CPU.Build.0 = Release|Any CPU
		{A3C13379-7692-4FA4-9DEF-BC286AD16E49}.Release|Any CPU.Deploy.0 = Release|Any CPU
		{A3C13379-7692-4FA4-9DEF-BC286AD16E49}.Release|iPhone.ActiveCfg = Release|Any CPU
		{A3C13379-7692-4FA4-9DEF-BC286AD16E49}.Release|iPhoneSimulator.ActiveCfg = Release|Any CPU
		{A3C13379-7692-4FA4-9DEF-BC286AD16E49}.Release|Mixed Platforms.ActiveCfg = Release|Any CPU
		{A3C13379-7692-4FA4-9DEF-BC286AD16E49}.Release|Mixed Platforms.Build.0 = Release|Any CPU
		{A3C13379-7692-4FA4-9DEF-BC286AD16E49}.Release|Mixed Platforms.Deploy.0 = Release|Any CPU
		{B9C33D7C-D2FB-44E9-AFF4-D48F07BABCE7}.Ad-Hoc|Any CPU.ActiveCfg = Release|Any CPU
		{B9C33D7C-D2FB-44E9-AFF4-D48F07BABCE7}.Ad-Hoc|Any CPU.Build.0 = Release|Any CPU
		{B9C33D7C-D2FB-44E9-AFF4-D48F07BABCE7}.Ad-Hoc|iPhone.ActiveCfg = Release|Any CPU
		{B9C33D7C-D2FB-44E9-AFF4-D48F07BABCE7}.Ad-Hoc|iPhoneSimulator.ActiveCfg = Release|Any CPU
		{B9C33D7C-D2FB-44E9-AFF4-D48F07BABCE7}.Ad-Hoc|Mixed Platforms.ActiveCfg = Release|Any CPU
		{B9C33D7C-D2FB-44E9-AFF4-D48F07BABCE7}.Ad-Hoc|Mixed Platforms.Build.0 = Release|Any CPU
		{B9C33D7C-D2FB-44E9-AFF4-D48F07BABCE7}.AppStore|Any CPU.ActiveCfg = Release|Any CPU
		{B9C33D7C-D2FB-44E9-AFF4-D48F07BABCE7}.AppStore|Any CPU.Build.0 = Release|Any CPU
		{B9C33D7C-D2FB-44E9-AFF4-D48F07BABCE7}.AppStore|iPhone.ActiveCfg = Release|Any CPU
		{B9C33D7C-D2FB-44E9-AFF4-D48F07BABCE7}.AppStore|iPhoneSimulator.ActiveCfg = Release|Any CPU
		{B9C33D7C-D2FB-44E9-AFF4-D48F07BABCE7}.AppStore|Mixed Platforms.ActiveCfg = Release|Any CPU
		{B9C33D7C-D2FB-44E9-AFF4-D48F07BABCE7}.AppStore|Mixed Platforms.Build.0 = Release|Any CPU
		{B9C33D7C-D2FB-44E9-AFF4-D48F07BABCE7}.Debug|Any CPU.ActiveCfg = Debug|Any CPU
		{B9C33D7C-D2FB-44E9-AFF4-D48F07BABCE7}.Debug|Any CPU.Build.0 = Debug|Any CPU
		{B9C33D7C-D2FB-44E9-AFF4-D48F07BABCE7}.Debug|iPhone.ActiveCfg = Debug|Any CPU
		{B9C33D7C-D2FB-44E9-AFF4-D48F07BABCE7}.Debug|iPhoneSimulator.ActiveCfg = Debug|Any CPU
		{B9C33D7C-D2FB-44E9-AFF4-D48F07BABCE7}.Debug|Mixed Platforms.ActiveCfg = Debug|Any CPU
		{B9C33D7C-D2FB-44E9-AFF4-D48F07BABCE7}.Debug|Mixed Platforms.Build.0 = Debug|Any CPU
		{B9C33D7C-D2FB-44E9-AFF4-D48F07BABCE7}.Release|Any CPU.ActiveCfg = Release|Any CPU
		{B9C33D7C-D2FB-44E9-AFF4-D48F07BABCE7}.Release|Any CPU.Build.0 = Release|Any CPU
		{B9C33D7C-D2FB-44E9-AFF4-D48F07BABCE7}.Release|iPhone.ActiveCfg = Release|Any CPU
		{B9C33D7C-D2FB-44E9-AFF4-D48F07BABCE7}.Release|iPhoneSimulator.ActiveCfg = Release|Any CPU
		{B9C33D7C-D2FB-44E9-AFF4-D48F07BABCE7}.Release|Mixed Platforms.ActiveCfg = Release|Any CPU
		{B9C33D7C-D2FB-44E9-AFF4-D48F07BABCE7}.Release|Mixed Platforms.Build.0 = Release|Any CPU
		{CDE9F90C-727E-4A08-8B83-324204DA36AC}.Ad-Hoc|Any CPU.ActiveCfg = Release|Any CPU
		{CDE9F90C-727E-4A08-8B83-324204DA36AC}.Ad-Hoc|Any CPU.Build.0 = Release|Any CPU
		{CDE9F90C-727E-4A08-8B83-324204DA36AC}.Ad-Hoc|Any CPU.Deploy.0 = Release|Any CPU
		{CDE9F90C-727E-4A08-8B83-324204DA36AC}.Ad-Hoc|iPhone.ActiveCfg = Release|Any CPU
		{CDE9F90C-727E-4A08-8B83-324204DA36AC}.Ad-Hoc|iPhoneSimulator.ActiveCfg = Release|Any CPU
		{CDE9F90C-727E-4A08-8B83-324204DA36AC}.Ad-Hoc|Mixed Platforms.ActiveCfg = Release|Any CPU
		{CDE9F90C-727E-4A08-8B83-324204DA36AC}.Ad-Hoc|Mixed Platforms.Build.0 = Release|Any CPU
		{CDE9F90C-727E-4A08-8B83-324204DA36AC}.Ad-Hoc|Mixed Platforms.Deploy.0 = Release|Any CPU
		{CDE9F90C-727E-4A08-8B83-324204DA36AC}.AppStore|Any CPU.ActiveCfg = Release|Any CPU
		{CDE9F90C-727E-4A08-8B83-324204DA36AC}.AppStore|Any CPU.Build.0 = Release|Any CPU
		{CDE9F90C-727E-4A08-8B83-324204DA36AC}.AppStore|Any CPU.Deploy.0 = Release|Any CPU
		{CDE9F90C-727E-4A08-8B83-324204DA36AC}.AppStore|iPhone.ActiveCfg = Release|Any CPU
		{CDE9F90C-727E-4A08-8B83-324204DA36AC}.AppStore|iPhoneSimulator.ActiveCfg = Release|Any CPU
		{CDE9F90C-727E-4A08-8B83-324204DA36AC}.AppStore|Mixed Platforms.ActiveCfg = Release|Any CPU
		{CDE9F90C-727E-4A08-8B83-324204DA36AC}.AppStore|Mixed Platforms.Build.0 = Release|Any CPU
		{CDE9F90C-727E-4A08-8B83-324204DA36AC}.AppStore|Mixed Platforms.Deploy.0 = Release|Any CPU
		{CDE9F90C-727E-4A08-8B83-324204DA36AC}.Debug|Any CPU.ActiveCfg = Debug|Any CPU
		{CDE9F90C-727E-4A08-8B83-324204DA36AC}.Debug|Any CPU.Build.0 = Debug|Any CPU
		{CDE9F90C-727E-4A08-8B83-324204DA36AC}.Debug|Any CPU.Deploy.0 = Debug|Any CPU
		{CDE9F90C-727E-4A08-8B83-324204DA36AC}.Debug|iPhone.ActiveCfg = Debug|Any CPU
		{CDE9F90C-727E-4A08-8B83-324204DA36AC}.Debug|iPhoneSimulator.ActiveCfg = Debug|Any CPU
		{CDE9F90C-727E-4A08-8B83-324204DA36AC}.Debug|Mixed Platforms.ActiveCfg = Debug|Any CPU
		{CDE9F90C-727E-4A08-8B83-324204DA36AC}.Debug|Mixed Platforms.Build.0 = Debug|Any CPU
		{CDE9F90C-727E-4A08-8B83-324204DA36AC}.Debug|Mixed Platforms.Deploy.0 = Debug|Any CPU
		{CDE9F90C-727E-4A08-8B83-324204DA36AC}.Release|Any CPU.ActiveCfg = Release|Any CPU
		{CDE9F90C-727E-4A08-8B83-324204DA36AC}.Release|Any CPU.Build.0 = Release|Any CPU
		{CDE9F90C-727E-4A08-8B83-324204DA36AC}.Release|Any CPU.Deploy.0 = Release|Any CPU
		{CDE9F90C-727E-4A08-8B83-324204DA36AC}.Release|iPhone.ActiveCfg = Release|Any CPU
		{CDE9F90C-727E-4A08-8B83-324204DA36AC}.Release|iPhoneSimulator.ActiveCfg = Release|Any CPU
		{CDE9F90C-727E-4A08-8B83-324204DA36AC}.Release|Mixed Platforms.ActiveCfg = Release|Any CPU
		{CDE9F90C-727E-4A08-8B83-324204DA36AC}.Release|Mixed Platforms.Build.0 = Release|Any CPU
		{CDE9F90C-727E-4A08-8B83-324204DA36AC}.Release|Mixed Platforms.Deploy.0 = Release|Any CPU
		{C8A5C033-D9B8-458C-8EB3-29837EB29AFF}.Ad-Hoc|Any CPU.ActiveCfg = Release|Any CPU
		{C8A5C033-D9B8-458C-8EB3-29837EB29AFF}.Ad-Hoc|Any CPU.Build.0 = Release|Any CPU
		{C8A5C033-D9B8-458C-8EB3-29837EB29AFF}.Ad-Hoc|iPhone.ActiveCfg = Release|Any CPU
		{C8A5C033-D9B8-458C-8EB3-29837EB29AFF}.Ad-Hoc|iPhoneSimulator.ActiveCfg = Release|Any CPU
		{C8A5C033-D9B8-458C-8EB3-29837EB29AFF}.Ad-Hoc|Mixed Platforms.ActiveCfg = Release|Any CPU
		{C8A5C033-D9B8-458C-8EB3-29837EB29AFF}.Ad-Hoc|Mixed Platforms.Build.0 = Release|Any CPU
		{C8A5C033-D9B8-458C-8EB3-29837EB29AFF}.AppStore|Any CPU.ActiveCfg = Release|Any CPU
		{C8A5C033-D9B8-458C-8EB3-29837EB29AFF}.AppStore|Any CPU.Build.0 = Release|Any CPU
		{C8A5C033-D9B8-458C-8EB3-29837EB29AFF}.AppStore|iPhone.ActiveCfg = Release|Any CPU
		{C8A5C033-D9B8-458C-8EB3-29837EB29AFF}.AppStore|iPhoneSimulator.ActiveCfg = Release|Any CPU
		{C8A5C033-D9B8-458C-8EB3-29837EB29AFF}.AppStore|Mixed Platforms.ActiveCfg = Release|Any CPU
		{C8A5C033-D9B8-458C-8EB3-29837EB29AFF}.AppStore|Mixed Platforms.Build.0 = Release|Any CPU
		{C8A5C033-D9B8-458C-8EB3-29837EB29AFF}.Debug|Any CPU.ActiveCfg = Debug|Any CPU
		{C8A5C033-D9B8-458C-8EB3-29837EB29AFF}.Debug|Any CPU.Build.0 = Debug|Any CPU
		{C8A5C033-D9B8-458C-8EB3-29837EB29AFF}.Debug|iPhone.ActiveCfg = Debug|Any CPU
		{C8A5C033-D9B8-458C-8EB3-29837EB29AFF}.Debug|iPhoneSimulator.ActiveCfg = Debug|Any CPU
		{C8A5C033-D9B8-458C-8EB3-29837EB29AFF}.Debug|Mixed Platforms.ActiveCfg = Debug|Any CPU
		{C8A5C033-D9B8-458C-8EB3-29837EB29AFF}.Debug|Mixed Platforms.Build.0 = Debug|Any CPU
		{C8A5C033-D9B8-458C-8EB3-29837EB29AFF}.Release|Any CPU.ActiveCfg = Release|Any CPU
		{C8A5C033-D9B8-458C-8EB3-29837EB29AFF}.Release|Any CPU.Build.0 = Release|Any CPU
		{C8A5C033-D9B8-458C-8EB3-29837EB29AFF}.Release|iPhone.ActiveCfg = Release|Any CPU
		{C8A5C033-D9B8-458C-8EB3-29837EB29AFF}.Release|iPhoneSimulator.ActiveCfg = Release|Any CPU
		{C8A5C033-D9B8-458C-8EB3-29837EB29AFF}.Release|Mixed Platforms.ActiveCfg = Release|Any CPU
		{C8A5C033-D9B8-458C-8EB3-29837EB29AFF}.Release|Mixed Platforms.Build.0 = Release|Any CPU
		{513C40EC-75F5-4211-ACF5-0785B024E6BA}.Ad-Hoc|Any CPU.ActiveCfg = Release|Any CPU
		{513C40EC-75F5-4211-ACF5-0785B024E6BA}.Ad-Hoc|Any CPU.Build.0 = Release|Any CPU
		{513C40EC-75F5-4211-ACF5-0785B024E6BA}.Ad-Hoc|Any CPU.Deploy.0 = Release|Any CPU
		{513C40EC-75F5-4211-ACF5-0785B024E6BA}.Ad-Hoc|iPhone.ActiveCfg = Release|Any CPU
		{513C40EC-75F5-4211-ACF5-0785B024E6BA}.Ad-Hoc|iPhoneSimulator.ActiveCfg = Release|Any CPU
		{513C40EC-75F5-4211-ACF5-0785B024E6BA}.Ad-Hoc|Mixed Platforms.ActiveCfg = Release|Any CPU
		{513C40EC-75F5-4211-ACF5-0785B024E6BA}.Ad-Hoc|Mixed Platforms.Build.0 = Release|Any CPU
		{513C40EC-75F5-4211-ACF5-0785B024E6BA}.Ad-Hoc|Mixed Platforms.Deploy.0 = Release|Any CPU
		{513C40EC-75F5-4211-ACF5-0785B024E6BA}.AppStore|Any CPU.ActiveCfg = Release|Any CPU
		{513C40EC-75F5-4211-ACF5-0785B024E6BA}.AppStore|Any CPU.Build.0 = Release|Any CPU
		{513C40EC-75F5-4211-ACF5-0785B024E6BA}.AppStore|Any CPU.Deploy.0 = Release|Any CPU
		{513C40EC-75F5-4211-ACF5-0785B024E6BA}.AppStore|iPhone.ActiveCfg = Release|Any CPU
		{513C40EC-75F5-4211-ACF5-0785B024E6BA}.AppStore|iPhoneSimulator.ActiveCfg = Release|Any CPU
		{513C40EC-75F5-4211-ACF5-0785B024E6BA}.AppStore|Mixed Platforms.ActiveCfg = Release|Any CPU
		{513C40EC-75F5-4211-ACF5-0785B024E6BA}.AppStore|Mixed Platforms.Build.0 = Release|Any CPU
		{513C40EC-75F5-4211-ACF5-0785B024E6BA}.AppStore|Mixed Platforms.Deploy.0 = Release|Any CPU
		{513C40EC-75F5-4211-ACF5-0785B024E6BA}.Debug|Any CPU.ActiveCfg = Debug|Any CPU
		{513C40EC-75F5-4211-ACF5-0785B024E6BA}.Debug|Any CPU.Build.0 = Debug|Any CPU
		{513C40EC-75F5-4211-ACF5-0785B024E6BA}.Debug|Any CPU.Deploy.0 = Debug|Any CPU
		{513C40EC-75F5-4211-ACF5-0785B024E6BA}.Debug|iPhone.ActiveCfg = Debug|Any CPU
		{513C40EC-75F5-4211-ACF5-0785B024E6BA}.Debug|iPhoneSimulator.ActiveCfg = Debug|Any CPU
		{513C40EC-75F5-4211-ACF5-0785B024E6BA}.Debug|Mixed Platforms.ActiveCfg = Debug|Any CPU
		{513C40EC-75F5-4211-ACF5-0785B024E6BA}.Debug|Mixed Platforms.Build.0 = Debug|Any CPU
		{513C40EC-75F5-4211-ACF5-0785B024E6BA}.Debug|Mixed Platforms.Deploy.0 = Debug|Any CPU
		{513C40EC-75F5-4211-ACF5-0785B024E6BA}.Release|Any CPU.ActiveCfg = Release|Any CPU
		{513C40EC-75F5-4211-ACF5-0785B024E6BA}.Release|Any CPU.Build.0 = Release|Any CPU
		{513C40EC-75F5-4211-ACF5-0785B024E6BA}.Release|Any CPU.Deploy.0 = Release|Any CPU
		{513C40EC-75F5-4211-ACF5-0785B024E6BA}.Release|iPhone.ActiveCfg = Release|Any CPU
		{513C40EC-75F5-4211-ACF5-0785B024E6BA}.Release|iPhoneSimulator.ActiveCfg = Release|Any CPU
		{513C40EC-75F5-4211-ACF5-0785B024E6BA}.Release|Mixed Platforms.ActiveCfg = Release|Any CPU
		{513C40EC-75F5-4211-ACF5-0785B024E6BA}.Release|Mixed Platforms.Build.0 = Release|Any CPU
		{513C40EC-75F5-4211-ACF5-0785B024E6BA}.Release|Mixed Platforms.Deploy.0 = Release|Any CPU
		{4B1AEE33-1B0C-493C-93E2-470C54F356A8}.Ad-Hoc|Any CPU.ActiveCfg = Release|Any CPU
		{4B1AEE33-1B0C-493C-93E2-470C54F356A8}.Ad-Hoc|Any CPU.Build.0 = Release|Any CPU
		{4B1AEE33-1B0C-493C-93E2-470C54F356A8}.Ad-Hoc|iPhone.ActiveCfg = Release|Any CPU
		{4B1AEE33-1B0C-493C-93E2-470C54F356A8}.Ad-Hoc|iPhoneSimulator.ActiveCfg = Release|Any CPU
		{4B1AEE33-1B0C-493C-93E2-470C54F356A8}.Ad-Hoc|Mixed Platforms.ActiveCfg = Release|Any CPU
		{4B1AEE33-1B0C-493C-93E2-470C54F356A8}.Ad-Hoc|Mixed Platforms.Build.0 = Release|Any CPU
		{4B1AEE33-1B0C-493C-93E2-470C54F356A8}.AppStore|Any CPU.ActiveCfg = Release|Any CPU
		{4B1AEE33-1B0C-493C-93E2-470C54F356A8}.AppStore|Any CPU.Build.0 = Release|Any CPU
		{4B1AEE33-1B0C-493C-93E2-470C54F356A8}.AppStore|iPhone.ActiveCfg = Release|Any CPU
		{4B1AEE33-1B0C-493C-93E2-470C54F356A8}.AppStore|iPhoneSimulator.ActiveCfg = Release|Any CPU
		{4B1AEE33-1B0C-493C-93E2-470C54F356A8}.AppStore|Mixed Platforms.ActiveCfg = Release|Any CPU
		{4B1AEE33-1B0C-493C-93E2-470C54F356A8}.AppStore|Mixed Platforms.Build.0 = Release|Any CPU
		{4B1AEE33-1B0C-493C-93E2-470C54F356A8}.Debug|Any CPU.ActiveCfg = Debug|Any CPU
		{4B1AEE33-1B0C-493C-93E2-470C54F356A8}.Debug|Any CPU.Build.0 = Debug|Any CPU
		{4B1AEE33-1B0C-493C-93E2-470C54F356A8}.Debug|iPhone.ActiveCfg = Debug|Any CPU
		{4B1AEE33-1B0C-493C-93E2-470C54F356A8}.Debug|iPhoneSimulator.ActiveCfg = Debug|Any CPU
		{4B1AEE33-1B0C-493C-93E2-470C54F356A8}.Debug|Mixed Platforms.ActiveCfg = Debug|Any CPU
		{4B1AEE33-1B0C-493C-93E2-470C54F356A8}.Debug|Mixed Platforms.Build.0 = Debug|Any CPU
		{4B1AEE33-1B0C-493C-93E2-470C54F356A8}.Release|Any CPU.ActiveCfg = Release|Any CPU
		{4B1AEE33-1B0C-493C-93E2-470C54F356A8}.Release|Any CPU.Build.0 = Release|Any CPU
		{4B1AEE33-1B0C-493C-93E2-470C54F356A8}.Release|iPhone.ActiveCfg = Release|Any CPU
		{4B1AEE33-1B0C-493C-93E2-470C54F356A8}.Release|iPhoneSimulator.ActiveCfg = Release|Any CPU
		{4B1AEE33-1B0C-493C-93E2-470C54F356A8}.Release|Mixed Platforms.ActiveCfg = Release|Any CPU
		{4B1AEE33-1B0C-493C-93E2-470C54F356A8}.Release|Mixed Platforms.Build.0 = Release|Any CPU
		{2B7014CC-136F-4087-9362-A5245E998919}.Ad-Hoc|Any CPU.ActiveCfg = Release|Any CPU
		{2B7014CC-136F-4087-9362-A5245E998919}.Ad-Hoc|Any CPU.Build.0 = Release|Any CPU
		{2B7014CC-136F-4087-9362-A5245E998919}.Ad-Hoc|iPhone.ActiveCfg = Release|Any CPU
		{2B7014CC-136F-4087-9362-A5245E998919}.Ad-Hoc|iPhoneSimulator.ActiveCfg = Release|Any CPU
		{2B7014CC-136F-4087-9362-A5245E998919}.Ad-Hoc|Mixed Platforms.ActiveCfg = Release|Any CPU
		{2B7014CC-136F-4087-9362-A5245E998919}.Ad-Hoc|Mixed Platforms.Build.0 = Release|Any CPU
		{2B7014CC-136F-4087-9362-A5245E998919}.AppStore|Any CPU.ActiveCfg = Release|Any CPU
		{2B7014CC-136F-4087-9362-A5245E998919}.AppStore|Any CPU.Build.0 = Release|Any CPU
		{2B7014CC-136F-4087-9362-A5245E998919}.AppStore|iPhone.ActiveCfg = Release|Any CPU
		{2B7014CC-136F-4087-9362-A5245E998919}.AppStore|iPhoneSimulator.ActiveCfg = Release|Any CPU
		{2B7014CC-136F-4087-9362-A5245E998919}.AppStore|Mixed Platforms.ActiveCfg = Release|Any CPU
		{2B7014CC-136F-4087-9362-A5245E998919}.AppStore|Mixed Platforms.Build.0 = Release|Any CPU
		{2B7014CC-136F-4087-9362-A5245E998919}.Debug|Any CPU.ActiveCfg = Debug|Any CPU
		{2B7014CC-136F-4087-9362-A5245E998919}.Debug|Any CPU.Build.0 = Debug|Any CPU
		{2B7014CC-136F-4087-9362-A5245E998919}.Debug|iPhone.ActiveCfg = Debug|Any CPU
		{2B7014CC-136F-4087-9362-A5245E998919}.Debug|iPhoneSimulator.ActiveCfg = Debug|Any CPU
		{2B7014CC-136F-4087-9362-A5245E998919}.Debug|Mixed Platforms.ActiveCfg = Debug|Any CPU
		{2B7014CC-136F-4087-9362-A5245E998919}.Debug|Mixed Platforms.Build.0 = Debug|Any CPU
		{2B7014CC-136F-4087-9362-A5245E998919}.Release|Any CPU.ActiveCfg = Release|Any CPU
		{2B7014CC-136F-4087-9362-A5245E998919}.Release|Any CPU.Build.0 = Release|Any CPU
		{2B7014CC-136F-4087-9362-A5245E998919}.Release|iPhone.ActiveCfg = Release|Any CPU
		{2B7014CC-136F-4087-9362-A5245E998919}.Release|iPhoneSimulator.ActiveCfg = Release|Any CPU
		{2B7014CC-136F-4087-9362-A5245E998919}.Release|Mixed Platforms.ActiveCfg = Release|Any CPU
		{2B7014CC-136F-4087-9362-A5245E998919}.Release|Mixed Platforms.Build.0 = Release|Any CPU
		{0C2B1A3C-1486-4D54-A2A4-E721E8D579F1}.Ad-Hoc|Any CPU.ActiveCfg = Release|Any CPU
		{0C2B1A3C-1486-4D54-A2A4-E721E8D579F1}.Ad-Hoc|Any CPU.Build.0 = Release|Any CPU
		{0C2B1A3C-1486-4D54-A2A4-E721E8D579F1}.Ad-Hoc|iPhone.ActiveCfg = Release|Any CPU
		{0C2B1A3C-1486-4D54-A2A4-E721E8D579F1}.Ad-Hoc|iPhoneSimulator.ActiveCfg = Release|Any CPU
		{0C2B1A3C-1486-4D54-A2A4-E721E8D579F1}.Ad-Hoc|Mixed Platforms.ActiveCfg = Release|Any CPU
		{0C2B1A3C-1486-4D54-A2A4-E721E8D579F1}.Ad-Hoc|Mixed Platforms.Build.0 = Release|Any CPU
		{0C2B1A3C-1486-4D54-A2A4-E721E8D579F1}.AppStore|Any CPU.ActiveCfg = Release|Any CPU
		{0C2B1A3C-1486-4D54-A2A4-E721E8D579F1}.AppStore|Any CPU.Build.0 = Release|Any CPU
		{0C2B1A3C-1486-4D54-A2A4-E721E8D579F1}.AppStore|iPhone.ActiveCfg = Release|Any CPU
		{0C2B1A3C-1486-4D54-A2A4-E721E8D579F1}.AppStore|iPhoneSimulator.ActiveCfg = Release|Any CPU
		{0C2B1A3C-1486-4D54-A2A4-E721E8D579F1}.AppStore|Mixed Platforms.ActiveCfg = Release|Any CPU
		{0C2B1A3C-1486-4D54-A2A4-E721E8D579F1}.AppStore|Mixed Platforms.Build.0 = Release|Any CPU
		{0C2B1A3C-1486-4D54-A2A4-E721E8D579F1}.Debug|Any CPU.ActiveCfg = Debug|Any CPU
		{0C2B1A3C-1486-4D54-A2A4-E721E8D579F1}.Debug|Any CPU.Build.0 = Debug|Any CPU
		{0C2B1A3C-1486-4D54-A2A4-E721E8D579F1}.Debug|iPhone.ActiveCfg = Debug|Any CPU
		{0C2B1A3C-1486-4D54-A2A4-E721E8D579F1}.Debug|iPhoneSimulator.ActiveCfg = Debug|Any CPU
		{0C2B1A3C-1486-4D54-A2A4-E721E8D579F1}.Debug|Mixed Platforms.ActiveCfg = Debug|Any CPU
		{0C2B1A3C-1486-4D54-A2A4-E721E8D579F1}.Debug|Mixed Platforms.Build.0 = Debug|Any CPU
		{0C2B1A3C-1486-4D54-A2A4-E721E8D579F1}.Release|Any CPU.ActiveCfg = Release|Any CPU
		{0C2B1A3C-1486-4D54-A2A4-E721E8D579F1}.Release|Any CPU.Build.0 = Release|Any CPU
		{0C2B1A3C-1486-4D54-A2A4-E721E8D579F1}.Release|iPhone.ActiveCfg = Release|Any CPU
		{0C2B1A3C-1486-4D54-A2A4-E721E8D579F1}.Release|iPhoneSimulator.ActiveCfg = Release|Any CPU
		{0C2B1A3C-1486-4D54-A2A4-E721E8D579F1}.Release|Mixed Platforms.ActiveCfg = Release|Any CPU
		{0C2B1A3C-1486-4D54-A2A4-E721E8D579F1}.Release|Mixed Platforms.Build.0 = Release|Any CPU
		{8456161B-9C8A-43F6-B37F-491CF7F325E1}.Ad-Hoc|Any CPU.ActiveCfg = Release|Any CPU
		{8456161B-9C8A-43F6-B37F-491CF7F325E1}.Ad-Hoc|Any CPU.Build.0 = Release|Any CPU
		{8456161B-9C8A-43F6-B37F-491CF7F325E1}.Ad-Hoc|iPhone.ActiveCfg = Release|Any CPU
		{8456161B-9C8A-43F6-B37F-491CF7F325E1}.Ad-Hoc|iPhoneSimulator.ActiveCfg = Release|Any CPU
		{8456161B-9C8A-43F6-B37F-491CF7F325E1}.Ad-Hoc|Mixed Platforms.ActiveCfg = Release|Any CPU
		{8456161B-9C8A-43F6-B37F-491CF7F325E1}.Ad-Hoc|Mixed Platforms.Build.0 = Release|Any CPU
		{8456161B-9C8A-43F6-B37F-491CF7F325E1}.AppStore|Any CPU.ActiveCfg = Release|Any CPU
		{8456161B-9C8A-43F6-B37F-491CF7F325E1}.AppStore|Any CPU.Build.0 = Release|Any CPU
		{8456161B-9C8A-43F6-B37F-491CF7F325E1}.AppStore|iPhone.ActiveCfg = Release|Any CPU
		{8456161B-9C8A-43F6-B37F-491CF7F325E1}.AppStore|iPhoneSimulator.ActiveCfg = Release|Any CPU
		{8456161B-9C8A-43F6-B37F-491CF7F325E1}.AppStore|Mixed Platforms.ActiveCfg = Release|Any CPU
		{8456161B-9C8A-43F6-B37F-491CF7F325E1}.AppStore|Mixed Platforms.Build.0 = Release|Any CPU
		{8456161B-9C8A-43F6-B37F-491CF7F325E1}.Debug|Any CPU.ActiveCfg = Debug|Any CPU
		{8456161B-9C8A-43F6-B37F-491CF7F325E1}.Debug|Any CPU.Build.0 = Debug|Any CPU
		{8456161B-9C8A-43F6-B37F-491CF7F325E1}.Debug|iPhone.ActiveCfg = Debug|Any CPU
		{8456161B-9C8A-43F6-B37F-491CF7F325E1}.Debug|iPhoneSimulator.ActiveCfg = Debug|Any CPU
		{8456161B-9C8A-43F6-B37F-491CF7F325E1}.Debug|Mixed Platforms.ActiveCfg = Debug|Any CPU
		{8456161B-9C8A-43F6-B37F-491CF7F325E1}.Debug|Mixed Platforms.Build.0 = Debug|Any CPU
		{8456161B-9C8A-43F6-B37F-491CF7F325E1}.Release|Any CPU.ActiveCfg = Release|Any CPU
		{8456161B-9C8A-43F6-B37F-491CF7F325E1}.Release|Any CPU.Build.0 = Release|Any CPU
		{8456161B-9C8A-43F6-B37F-491CF7F325E1}.Release|iPhone.ActiveCfg = Release|Any CPU
		{8456161B-9C8A-43F6-B37F-491CF7F325E1}.Release|iPhoneSimulator.ActiveCfg = Release|Any CPU
		{8456161B-9C8A-43F6-B37F-491CF7F325E1}.Release|Mixed Platforms.ActiveCfg = Release|Any CPU
		{8456161B-9C8A-43F6-B37F-491CF7F325E1}.Release|Mixed Platforms.Build.0 = Release|Any CPU
		{F5BB7C29-D2B1-4E15-A77B-3CB603F24F7C}.Ad-Hoc|Any CPU.ActiveCfg = Release|Any CPU
		{F5BB7C29-D2B1-4E15-A77B-3CB603F24F7C}.Ad-Hoc|Any CPU.Build.0 = Release|Any CPU
		{F5BB7C29-D2B1-4E15-A77B-3CB603F24F7C}.Ad-Hoc|iPhone.ActiveCfg = Release|Any CPU
		{F5BB7C29-D2B1-4E15-A77B-3CB603F24F7C}.Ad-Hoc|iPhoneSimulator.ActiveCfg = Release|Any CPU
		{F5BB7C29-D2B1-4E15-A77B-3CB603F24F7C}.Ad-Hoc|Mixed Platforms.ActiveCfg = Release|Any CPU
		{F5BB7C29-D2B1-4E15-A77B-3CB603F24F7C}.Ad-Hoc|Mixed Platforms.Build.0 = Release|Any CPU
		{F5BB7C29-D2B1-4E15-A77B-3CB603F24F7C}.AppStore|Any CPU.ActiveCfg = Release|Any CPU
		{F5BB7C29-D2B1-4E15-A77B-3CB603F24F7C}.AppStore|Any CPU.Build.0 = Release|Any CPU
		{F5BB7C29-D2B1-4E15-A77B-3CB603F24F7C}.AppStore|iPhone.ActiveCfg = Release|Any CPU
		{F5BB7C29-D2B1-4E15-A77B-3CB603F24F7C}.AppStore|iPhoneSimulator.ActiveCfg = Release|Any CPU
		{F5BB7C29-D2B1-4E15-A77B-3CB603F24F7C}.AppStore|Mixed Platforms.ActiveCfg = Release|Any CPU
		{F5BB7C29-D2B1-4E15-A77B-3CB603F24F7C}.AppStore|Mixed Platforms.Build.0 = Release|Any CPU
		{F5BB7C29-D2B1-4E15-A77B-3CB603F24F7C}.Debug|Any CPU.ActiveCfg = Debug|Any CPU
		{F5BB7C29-D2B1-4E15-A77B-3CB603F24F7C}.Debug|Any CPU.Build.0 = Debug|Any CPU
		{F5BB7C29-D2B1-4E15-A77B-3CB603F24F7C}.Debug|iPhone.ActiveCfg = Debug|Any CPU
		{F5BB7C29-D2B1-4E15-A77B-3CB603F24F7C}.Debug|iPhoneSimulator.ActiveCfg = Debug|Any CPU
		{F5BB7C29-D2B1-4E15-A77B-3CB603F24F7C}.Debug|Mixed Platforms.ActiveCfg = Debug|Any CPU
		{F5BB7C29-D2B1-4E15-A77B-3CB603F24F7C}.Debug|Mixed Platforms.Build.0 = Debug|Any CPU
		{F5BB7C29-D2B1-4E15-A77B-3CB603F24F7C}.Release|Any CPU.ActiveCfg = Release|Any CPU
		{F5BB7C29-D2B1-4E15-A77B-3CB603F24F7C}.Release|Any CPU.Build.0 = Release|Any CPU
		{F5BB7C29-D2B1-4E15-A77B-3CB603F24F7C}.Release|iPhone.ActiveCfg = Release|Any CPU
		{F5BB7C29-D2B1-4E15-A77B-3CB603F24F7C}.Release|iPhoneSimulator.ActiveCfg = Release|Any CPU
		{F5BB7C29-D2B1-4E15-A77B-3CB603F24F7C}.Release|Mixed Platforms.ActiveCfg = Release|Any CPU
		{F5BB7C29-D2B1-4E15-A77B-3CB603F24F7C}.Release|Mixed Platforms.Build.0 = Release|Any CPU
		{2740099F-DC28-484F-8798-34681273D907}.Ad-Hoc|Any CPU.ActiveCfg = Release|Any CPU
		{2740099F-DC28-484F-8798-34681273D907}.Ad-Hoc|Any CPU.Build.0 = Release|Any CPU
		{2740099F-DC28-484F-8798-34681273D907}.Ad-Hoc|Any CPU.Deploy.0 = Release|Any CPU
		{2740099F-DC28-484F-8798-34681273D907}.Ad-Hoc|iPhone.ActiveCfg = Release|Any CPU
		{2740099F-DC28-484F-8798-34681273D907}.Ad-Hoc|iPhoneSimulator.ActiveCfg = Release|Any CPU
		{2740099F-DC28-484F-8798-34681273D907}.Ad-Hoc|Mixed Platforms.ActiveCfg = Release|Any CPU
		{2740099F-DC28-484F-8798-34681273D907}.Ad-Hoc|Mixed Platforms.Build.0 = Release|Any CPU
		{2740099F-DC28-484F-8798-34681273D907}.Ad-Hoc|Mixed Platforms.Deploy.0 = Release|Any CPU
		{2740099F-DC28-484F-8798-34681273D907}.AppStore|Any CPU.ActiveCfg = Release|Any CPU
		{2740099F-DC28-484F-8798-34681273D907}.AppStore|Any CPU.Build.0 = Release|Any CPU
		{2740099F-DC28-484F-8798-34681273D907}.AppStore|Any CPU.Deploy.0 = Release|Any CPU
		{2740099F-DC28-484F-8798-34681273D907}.AppStore|iPhone.ActiveCfg = Release|Any CPU
		{2740099F-DC28-484F-8798-34681273D907}.AppStore|iPhoneSimulator.ActiveCfg = Release|Any CPU
		{2740099F-DC28-484F-8798-34681273D907}.AppStore|Mixed Platforms.ActiveCfg = Release|Any CPU
		{2740099F-DC28-484F-8798-34681273D907}.AppStore|Mixed Platforms.Build.0 = Release|Any CPU
		{2740099F-DC28-484F-8798-34681273D907}.AppStore|Mixed Platforms.Deploy.0 = Release|Any CPU
		{2740099F-DC28-484F-8798-34681273D907}.Debug|Any CPU.ActiveCfg = Debug|Any CPU
		{2740099F-DC28-484F-8798-34681273D907}.Debug|Any CPU.Build.0 = Debug|Any CPU
		{2740099F-DC28-484F-8798-34681273D907}.Debug|Any CPU.Deploy.0 = Debug|Any CPU
		{2740099F-DC28-484F-8798-34681273D907}.Debug|iPhone.ActiveCfg = Debug|Any CPU
		{2740099F-DC28-484F-8798-34681273D907}.Debug|iPhoneSimulator.ActiveCfg = Debug|Any CPU
		{2740099F-DC28-484F-8798-34681273D907}.Debug|Mixed Platforms.ActiveCfg = Debug|Any CPU
		{2740099F-DC28-484F-8798-34681273D907}.Debug|Mixed Platforms.Build.0 = Debug|Any CPU
		{2740099F-DC28-484F-8798-34681273D907}.Debug|Mixed Platforms.Deploy.0 = Debug|Any CPU
		{2740099F-DC28-484F-8798-34681273D907}.Release|Any CPU.ActiveCfg = Release|Any CPU
		{2740099F-DC28-484F-8798-34681273D907}.Release|Any CPU.Build.0 = Release|Any CPU
		{2740099F-DC28-484F-8798-34681273D907}.Release|Any CPU.Deploy.0 = Release|Any CPU
		{2740099F-DC28-484F-8798-34681273D907}.Release|iPhone.ActiveCfg = Release|Any CPU
		{2740099F-DC28-484F-8798-34681273D907}.Release|iPhoneSimulator.ActiveCfg = Release|Any CPU
		{2740099F-DC28-484F-8798-34681273D907}.Release|Mixed Platforms.ActiveCfg = Release|Any CPU
		{2740099F-DC28-484F-8798-34681273D907}.Release|Mixed Platforms.Build.0 = Release|Any CPU
		{2740099F-DC28-484F-8798-34681273D907}.Release|Mixed Platforms.Deploy.0 = Release|Any CPU
		{666F698B-8BAF-483F-890B-C5DFB1333879}.Ad-Hoc|Any CPU.ActiveCfg = Release|Any CPU
		{666F698B-8BAF-483F-890B-C5DFB1333879}.Ad-Hoc|Any CPU.Build.0 = Release|Any CPU
		{666F698B-8BAF-483F-890B-C5DFB1333879}.Ad-Hoc|Any CPU.Deploy.0 = Release|Any CPU
		{666F698B-8BAF-483F-890B-C5DFB1333879}.Ad-Hoc|iPhone.ActiveCfg = Release|Any CPU
		{666F698B-8BAF-483F-890B-C5DFB1333879}.Ad-Hoc|iPhoneSimulator.ActiveCfg = Release|Any CPU
		{666F698B-8BAF-483F-890B-C5DFB1333879}.Ad-Hoc|Mixed Platforms.ActiveCfg = Release|Any CPU
		{666F698B-8BAF-483F-890B-C5DFB1333879}.Ad-Hoc|Mixed Platforms.Build.0 = Release|Any CPU
		{666F698B-8BAF-483F-890B-C5DFB1333879}.Ad-Hoc|Mixed Platforms.Deploy.0 = Release|Any CPU
		{666F698B-8BAF-483F-890B-C5DFB1333879}.AppStore|Any CPU.ActiveCfg = Release|Any CPU
		{666F698B-8BAF-483F-890B-C5DFB1333879}.AppStore|Any CPU.Build.0 = Release|Any CPU
		{666F698B-8BAF-483F-890B-C5DFB1333879}.AppStore|Any CPU.Deploy.0 = Release|Any CPU
		{666F698B-8BAF-483F-890B-C5DFB1333879}.AppStore|iPhone.ActiveCfg = Release|Any CPU
		{666F698B-8BAF-483F-890B-C5DFB1333879}.AppStore|iPhoneSimulator.ActiveCfg = Release|Any CPU
		{666F698B-8BAF-483F-890B-C5DFB1333879}.AppStore|Mixed Platforms.ActiveCfg = Release|Any CPU
		{666F698B-8BAF-483F-890B-C5DFB1333879}.AppStore|Mixed Platforms.Build.0 = Release|Any CPU
		{666F698B-8BAF-483F-890B-C5DFB1333879}.AppStore|Mixed Platforms.Deploy.0 = Release|Any CPU
		{666F698B-8BAF-483F-890B-C5DFB1333879}.Debug|Any CPU.ActiveCfg = Debug|Any CPU
		{666F698B-8BAF-483F-890B-C5DFB1333879}.Debug|Any CPU.Build.0 = Debug|Any CPU
		{666F698B-8BAF-483F-890B-C5DFB1333879}.Debug|Any CPU.Deploy.0 = Debug|Any CPU
		{666F698B-8BAF-483F-890B-C5DFB1333879}.Debug|iPhone.ActiveCfg = Debug|Any CPU
		{666F698B-8BAF-483F-890B-C5DFB1333879}.Debug|iPhoneSimulator.ActiveCfg = Debug|Any CPU
		{666F698B-8BAF-483F-890B-C5DFB1333879}.Debug|Mixed Platforms.ActiveCfg = Debug|Any CPU
		{666F698B-8BAF-483F-890B-C5DFB1333879}.Debug|Mixed Platforms.Build.0 = Debug|Any CPU
		{666F698B-8BAF-483F-890B-C5DFB1333879}.Debug|Mixed Platforms.Deploy.0 = Debug|Any CPU
		{666F698B-8BAF-483F-890B-C5DFB1333879}.Release|Any CPU.ActiveCfg = Release|Any CPU
		{666F698B-8BAF-483F-890B-C5DFB1333879}.Release|Any CPU.Build.0 = Release|Any CPU
		{666F698B-8BAF-483F-890B-C5DFB1333879}.Release|Any CPU.Deploy.0 = Release|Any CPU
		{666F698B-8BAF-483F-890B-C5DFB1333879}.Release|iPhone.ActiveCfg = Release|Any CPU
		{666F698B-8BAF-483F-890B-C5DFB1333879}.Release|iPhoneSimulator.ActiveCfg = Release|Any CPU
		{666F698B-8BAF-483F-890B-C5DFB1333879}.Release|Mixed Platforms.ActiveCfg = Release|Any CPU
		{666F698B-8BAF-483F-890B-C5DFB1333879}.Release|Mixed Platforms.Build.0 = Release|Any CPU
		{666F698B-8BAF-483F-890B-C5DFB1333879}.Release|Mixed Platforms.Deploy.0 = Release|Any CPU
		{5EF4B35D-72AF-4CBF-ABB0-6A5DCAA07795}.Ad-Hoc|Any CPU.ActiveCfg = Release|Any CPU
		{5EF4B35D-72AF-4CBF-ABB0-6A5DCAA07795}.Ad-Hoc|Any CPU.Build.0 = Release|Any CPU
		{5EF4B35D-72AF-4CBF-ABB0-6A5DCAA07795}.Ad-Hoc|Any CPU.Deploy.0 = Release|Any CPU
		{5EF4B35D-72AF-4CBF-ABB0-6A5DCAA07795}.Ad-Hoc|iPhone.ActiveCfg = Release|Any CPU
		{5EF4B35D-72AF-4CBF-ABB0-6A5DCAA07795}.Ad-Hoc|iPhoneSimulator.ActiveCfg = Release|Any CPU
		{5EF4B35D-72AF-4CBF-ABB0-6A5DCAA07795}.Ad-Hoc|Mixed Platforms.ActiveCfg = Release|Any CPU
		{5EF4B35D-72AF-4CBF-ABB0-6A5DCAA07795}.Ad-Hoc|Mixed Platforms.Build.0 = Release|Any CPU
		{5EF4B35D-72AF-4CBF-ABB0-6A5DCAA07795}.Ad-Hoc|Mixed Platforms.Deploy.0 = Release|Any CPU
		{5EF4B35D-72AF-4CBF-ABB0-6A5DCAA07795}.AppStore|Any CPU.ActiveCfg = Release|Any CPU
		{5EF4B35D-72AF-4CBF-ABB0-6A5DCAA07795}.AppStore|Any CPU.Build.0 = Release|Any CPU
		{5EF4B35D-72AF-4CBF-ABB0-6A5DCAA07795}.AppStore|Any CPU.Deploy.0 = Release|Any CPU
		{5EF4B35D-72AF-4CBF-ABB0-6A5DCAA07795}.AppStore|iPhone.ActiveCfg = Release|Any CPU
		{5EF4B35D-72AF-4CBF-ABB0-6A5DCAA07795}.AppStore|iPhoneSimulator.ActiveCfg = Release|Any CPU
		{5EF4B35D-72AF-4CBF-ABB0-6A5DCAA07795}.AppStore|Mixed Platforms.ActiveCfg = Release|Any CPU
		{5EF4B35D-72AF-4CBF-ABB0-6A5DCAA07795}.AppStore|Mixed Platforms.Build.0 = Release|Any CPU
		{5EF4B35D-72AF-4CBF-ABB0-6A5DCAA07795}.AppStore|Mixed Platforms.Deploy.0 = Release|Any CPU
		{5EF4B35D-72AF-4CBF-ABB0-6A5DCAA07795}.Debug|Any CPU.ActiveCfg = Debug|Any CPU
		{5EF4B35D-72AF-4CBF-ABB0-6A5DCAA07795}.Debug|Any CPU.Build.0 = Debug|Any CPU
		{5EF4B35D-72AF-4CBF-ABB0-6A5DCAA07795}.Debug|Any CPU.Deploy.0 = Debug|Any CPU
		{5EF4B35D-72AF-4CBF-ABB0-6A5DCAA07795}.Debug|iPhone.ActiveCfg = Debug|Any CPU
		{5EF4B35D-72AF-4CBF-ABB0-6A5DCAA07795}.Debug|iPhoneSimulator.ActiveCfg = Debug|Any CPU
		{5EF4B35D-72AF-4CBF-ABB0-6A5DCAA07795}.Debug|Mixed Platforms.ActiveCfg = Debug|Any CPU
		{5EF4B35D-72AF-4CBF-ABB0-6A5DCAA07795}.Debug|Mixed Platforms.Build.0 = Debug|Any CPU
		{5EF4B35D-72AF-4CBF-ABB0-6A5DCAA07795}.Debug|Mixed Platforms.Deploy.0 = Debug|Any CPU
		{5EF4B35D-72AF-4CBF-ABB0-6A5DCAA07795}.Release|Any CPU.ActiveCfg = Release|Any CPU
		{5EF4B35D-72AF-4CBF-ABB0-6A5DCAA07795}.Release|Any CPU.Build.0 = Release|Any CPU
		{5EF4B35D-72AF-4CBF-ABB0-6A5DCAA07795}.Release|Any CPU.Deploy.0 = Release|Any CPU
		{5EF4B35D-72AF-4CBF-ABB0-6A5DCAA07795}.Release|iPhone.ActiveCfg = Release|Any CPU
		{5EF4B35D-72AF-4CBF-ABB0-6A5DCAA07795}.Release|iPhoneSimulator.ActiveCfg = Release|Any CPU
		{5EF4B35D-72AF-4CBF-ABB0-6A5DCAA07795}.Release|Mixed Platforms.ActiveCfg = Release|Any CPU
		{5EF4B35D-72AF-4CBF-ABB0-6A5DCAA07795}.Release|Mixed Platforms.Build.0 = Release|Any CPU
		{5EF4B35D-72AF-4CBF-ABB0-6A5DCAA07795}.Release|Mixed Platforms.Deploy.0 = Release|Any CPU
		{EB59E855-3246-487F-AFE2-F2E7DABB4E15}.Ad-Hoc|Any CPU.ActiveCfg = Release|Any CPU
		{EB59E855-3246-487F-AFE2-F2E7DABB4E15}.Ad-Hoc|Any CPU.Build.0 = Release|Any CPU
		{EB59E855-3246-487F-AFE2-F2E7DABB4E15}.Ad-Hoc|iPhone.ActiveCfg = Release|Any CPU
		{EB59E855-3246-487F-AFE2-F2E7DABB4E15}.Ad-Hoc|iPhoneSimulator.ActiveCfg = Release|Any CPU
		{EB59E855-3246-487F-AFE2-F2E7DABB4E15}.Ad-Hoc|Mixed Platforms.ActiveCfg = Release|Any CPU
		{EB59E855-3246-487F-AFE2-F2E7DABB4E15}.Ad-Hoc|Mixed Platforms.Build.0 = Release|Any CPU
		{EB59E855-3246-487F-AFE2-F2E7DABB4E15}.AppStore|Any CPU.ActiveCfg = Release|Any CPU
		{EB59E855-3246-487F-AFE2-F2E7DABB4E15}.AppStore|Any CPU.Build.0 = Release|Any CPU
		{EB59E855-3246-487F-AFE2-F2E7DABB4E15}.AppStore|iPhone.ActiveCfg = Release|Any CPU
		{EB59E855-3246-487F-AFE2-F2E7DABB4E15}.AppStore|iPhoneSimulator.ActiveCfg = Release|Any CPU
		{EB59E855-3246-487F-AFE2-F2E7DABB4E15}.AppStore|Mixed Platforms.ActiveCfg = Release|Any CPU
		{EB59E855-3246-487F-AFE2-F2E7DABB4E15}.AppStore|Mixed Platforms.Build.0 = Release|Any CPU
		{EB59E855-3246-487F-AFE2-F2E7DABB4E15}.Debug|Any CPU.ActiveCfg = Debug|Any CPU
		{EB59E855-3246-487F-AFE2-F2E7DABB4E15}.Debug|Any CPU.Build.0 = Debug|Any CPU
		{EB59E855-3246-487F-AFE2-F2E7DABB4E15}.Debug|iPhone.ActiveCfg = Debug|Any CPU
		{EB59E855-3246-487F-AFE2-F2E7DABB4E15}.Debug|iPhoneSimulator.ActiveCfg = Debug|Any CPU
		{EB59E855-3246-487F-AFE2-F2E7DABB4E15}.Debug|Mixed Platforms.ActiveCfg = Debug|Any CPU
		{EB59E855-3246-487F-AFE2-F2E7DABB4E15}.Debug|Mixed Platforms.Build.0 = Debug|Any CPU
		{EB59E855-3246-487F-AFE2-F2E7DABB4E15}.Release|Any CPU.ActiveCfg = Release|Any CPU
		{EB59E855-3246-487F-AFE2-F2E7DABB4E15}.Release|Any CPU.Build.0 = Release|Any CPU
		{EB59E855-3246-487F-AFE2-F2E7DABB4E15}.Release|iPhone.ActiveCfg = Release|Any CPU
		{EB59E855-3246-487F-AFE2-F2E7DABB4E15}.Release|iPhoneSimulator.ActiveCfg = Release|Any CPU
		{EB59E855-3246-487F-AFE2-F2E7DABB4E15}.Release|Mixed Platforms.ActiveCfg = Release|Any CPU
		{EB59E855-3246-487F-AFE2-F2E7DABB4E15}.Release|Mixed Platforms.Build.0 = Release|Any CPU
		{F396608E-C58A-4D6D-98FA-CAC382C73F26}.Ad-Hoc|Any CPU.ActiveCfg = Release|Any CPU
		{F396608E-C58A-4D6D-98FA-CAC382C73F26}.Ad-Hoc|Any CPU.Build.0 = Release|Any CPU
		{F396608E-C58A-4D6D-98FA-CAC382C73F26}.Ad-Hoc|Any CPU.Deploy.0 = Release|Any CPU
		{F396608E-C58A-4D6D-98FA-CAC382C73F26}.Ad-Hoc|iPhone.ActiveCfg = Release|Any CPU
		{F396608E-C58A-4D6D-98FA-CAC382C73F26}.Ad-Hoc|iPhoneSimulator.ActiveCfg = Release|Any CPU
		{F396608E-C58A-4D6D-98FA-CAC382C73F26}.Ad-Hoc|Mixed Platforms.ActiveCfg = Release|Any CPU
		{F396608E-C58A-4D6D-98FA-CAC382C73F26}.Ad-Hoc|Mixed Platforms.Build.0 = Release|Any CPU
		{F396608E-C58A-4D6D-98FA-CAC382C73F26}.Ad-Hoc|Mixed Platforms.Deploy.0 = Release|Any CPU
		{F396608E-C58A-4D6D-98FA-CAC382C73F26}.AppStore|Any CPU.ActiveCfg = Release|Any CPU
		{F396608E-C58A-4D6D-98FA-CAC382C73F26}.AppStore|Any CPU.Build.0 = Release|Any CPU
		{F396608E-C58A-4D6D-98FA-CAC382C73F26}.AppStore|Any CPU.Deploy.0 = Release|Any CPU
		{F396608E-C58A-4D6D-98FA-CAC382C73F26}.AppStore|iPhone.ActiveCfg = Release|Any CPU
		{F396608E-C58A-4D6D-98FA-CAC382C73F26}.AppStore|iPhoneSimulator.ActiveCfg = Release|Any CPU
		{F396608E-C58A-4D6D-98FA-CAC382C73F26}.AppStore|Mixed Platforms.ActiveCfg = Release|Any CPU
		{F396608E-C58A-4D6D-98FA-CAC382C73F26}.AppStore|Mixed Platforms.Build.0 = Release|Any CPU
		{F396608E-C58A-4D6D-98FA-CAC382C73F26}.AppStore|Mixed Platforms.Deploy.0 = Release|Any CPU
		{F396608E-C58A-4D6D-98FA-CAC382C73F26}.Debug|Any CPU.ActiveCfg = Debug|Any CPU
		{F396608E-C58A-4D6D-98FA-CAC382C73F26}.Debug|Any CPU.Build.0 = Debug|Any CPU
		{F396608E-C58A-4D6D-98FA-CAC382C73F26}.Debug|Any CPU.Deploy.0 = Debug|Any CPU
		{F396608E-C58A-4D6D-98FA-CAC382C73F26}.Debug|iPhone.ActiveCfg = Debug|Any CPU
		{F396608E-C58A-4D6D-98FA-CAC382C73F26}.Debug|iPhoneSimulator.ActiveCfg = Debug|Any CPU
		{F396608E-C58A-4D6D-98FA-CAC382C73F26}.Debug|Mixed Platforms.ActiveCfg = Debug|Any CPU
		{F396608E-C58A-4D6D-98FA-CAC382C73F26}.Debug|Mixed Platforms.Build.0 = Debug|Any CPU
		{F396608E-C58A-4D6D-98FA-CAC382C73F26}.Debug|Mixed Platforms.Deploy.0 = Debug|Any CPU
		{F396608E-C58A-4D6D-98FA-CAC382C73F26}.Release|Any CPU.ActiveCfg = Release|Any CPU
		{F396608E-C58A-4D6D-98FA-CAC382C73F26}.Release|Any CPU.Build.0 = Release|Any CPU
		{F396608E-C58A-4D6D-98FA-CAC382C73F26}.Release|Any CPU.Deploy.0 = Release|Any CPU
		{F396608E-C58A-4D6D-98FA-CAC382C73F26}.Release|iPhone.ActiveCfg = Release|Any CPU
		{F396608E-C58A-4D6D-98FA-CAC382C73F26}.Release|iPhoneSimulator.ActiveCfg = Release|Any CPU
		{F396608E-C58A-4D6D-98FA-CAC382C73F26}.Release|Mixed Platforms.ActiveCfg = Release|Any CPU
		{F396608E-C58A-4D6D-98FA-CAC382C73F26}.Release|Mixed Platforms.Build.0 = Release|Any CPU
		{F396608E-C58A-4D6D-98FA-CAC382C73F26}.Release|Mixed Platforms.Deploy.0 = Release|Any CPU
		{38934A2B-EDF8-4351-B30E-D9251A986B1D}.Ad-Hoc|Any CPU.ActiveCfg = Release|Any CPU
		{38934A2B-EDF8-4351-B30E-D9251A986B1D}.Ad-Hoc|Any CPU.Build.0 = Release|Any CPU
		{38934A2B-EDF8-4351-B30E-D9251A986B1D}.Ad-Hoc|iPhone.ActiveCfg = Release|Any CPU
		{38934A2B-EDF8-4351-B30E-D9251A986B1D}.Ad-Hoc|iPhoneSimulator.ActiveCfg = Release|Any CPU
		{38934A2B-EDF8-4351-B30E-D9251A986B1D}.Ad-Hoc|Mixed Platforms.ActiveCfg = Release|Any CPU
		{38934A2B-EDF8-4351-B30E-D9251A986B1D}.Ad-Hoc|Mixed Platforms.Build.0 = Release|Any CPU
		{38934A2B-EDF8-4351-B30E-D9251A986B1D}.AppStore|Any CPU.ActiveCfg = Release|Any CPU
		{38934A2B-EDF8-4351-B30E-D9251A986B1D}.AppStore|Any CPU.Build.0 = Release|Any CPU
		{38934A2B-EDF8-4351-B30E-D9251A986B1D}.AppStore|iPhone.ActiveCfg = Release|Any CPU
		{38934A2B-EDF8-4351-B30E-D9251A986B1D}.AppStore|iPhoneSimulator.ActiveCfg = Release|Any CPU
		{38934A2B-EDF8-4351-B30E-D9251A986B1D}.AppStore|Mixed Platforms.ActiveCfg = Release|Any CPU
		{38934A2B-EDF8-4351-B30E-D9251A986B1D}.AppStore|Mixed Platforms.Build.0 = Release|Any CPU
		{38934A2B-EDF8-4351-B30E-D9251A986B1D}.Debug|Any CPU.ActiveCfg = Debug|Any CPU
		{38934A2B-EDF8-4351-B30E-D9251A986B1D}.Debug|Any CPU.Build.0 = Debug|Any CPU
		{38934A2B-EDF8-4351-B30E-D9251A986B1D}.Debug|iPhone.ActiveCfg = Debug|Any CPU
		{38934A2B-EDF8-4351-B30E-D9251A986B1D}.Debug|iPhoneSimulator.ActiveCfg = Debug|Any CPU
		{38934A2B-EDF8-4351-B30E-D9251A986B1D}.Debug|Mixed Platforms.ActiveCfg = Debug|Any CPU
		{38934A2B-EDF8-4351-B30E-D9251A986B1D}.Debug|Mixed Platforms.Build.0 = Debug|Any CPU
		{38934A2B-EDF8-4351-B30E-D9251A986B1D}.Release|Any CPU.ActiveCfg = Release|Any CPU
		{38934A2B-EDF8-4351-B30E-D9251A986B1D}.Release|Any CPU.Build.0 = Release|Any CPU
		{38934A2B-EDF8-4351-B30E-D9251A986B1D}.Release|iPhone.ActiveCfg = Release|Any CPU
		{38934A2B-EDF8-4351-B30E-D9251A986B1D}.Release|iPhoneSimulator.ActiveCfg = Release|Any CPU
		{38934A2B-EDF8-4351-B30E-D9251A986B1D}.Release|Mixed Platforms.ActiveCfg = Release|Any CPU
		{38934A2B-EDF8-4351-B30E-D9251A986B1D}.Release|Mixed Platforms.Build.0 = Release|Any CPU
		{94B77A49-5A88-4450-93AE-A1D1C3BFB0EF}.Ad-Hoc|Any CPU.ActiveCfg = Release|Any CPU
		{94B77A49-5A88-4450-93AE-A1D1C3BFB0EF}.Ad-Hoc|Any CPU.Build.0 = Release|Any CPU
		{94B77A49-5A88-4450-93AE-A1D1C3BFB0EF}.Ad-Hoc|Any CPU.Deploy.0 = Release|Any CPU
		{94B77A49-5A88-4450-93AE-A1D1C3BFB0EF}.Ad-Hoc|iPhone.ActiveCfg = Release|Any CPU
		{94B77A49-5A88-4450-93AE-A1D1C3BFB0EF}.Ad-Hoc|iPhoneSimulator.ActiveCfg = Release|Any CPU
		{94B77A49-5A88-4450-93AE-A1D1C3BFB0EF}.Ad-Hoc|Mixed Platforms.ActiveCfg = Release|Any CPU
		{94B77A49-5A88-4450-93AE-A1D1C3BFB0EF}.Ad-Hoc|Mixed Platforms.Build.0 = Release|Any CPU
		{94B77A49-5A88-4450-93AE-A1D1C3BFB0EF}.Ad-Hoc|Mixed Platforms.Deploy.0 = Release|Any CPU
		{94B77A49-5A88-4450-93AE-A1D1C3BFB0EF}.AppStore|Any CPU.ActiveCfg = Release|Any CPU
		{94B77A49-5A88-4450-93AE-A1D1C3BFB0EF}.AppStore|Any CPU.Build.0 = Release|Any CPU
		{94B77A49-5A88-4450-93AE-A1D1C3BFB0EF}.AppStore|Any CPU.Deploy.0 = Release|Any CPU
		{94B77A49-5A88-4450-93AE-A1D1C3BFB0EF}.AppStore|iPhone.ActiveCfg = Release|Any CPU
		{94B77A49-5A88-4450-93AE-A1D1C3BFB0EF}.AppStore|iPhoneSimulator.ActiveCfg = Release|Any CPU
		{94B77A49-5A88-4450-93AE-A1D1C3BFB0EF}.AppStore|Mixed Platforms.ActiveCfg = Release|Any CPU
		{94B77A49-5A88-4450-93AE-A1D1C3BFB0EF}.AppStore|Mixed Platforms.Build.0 = Release|Any CPU
		{94B77A49-5A88-4450-93AE-A1D1C3BFB0EF}.AppStore|Mixed Platforms.Deploy.0 = Release|Any CPU
		{94B77A49-5A88-4450-93AE-A1D1C3BFB0EF}.Debug|Any CPU.ActiveCfg = Debug|Any CPU
		{94B77A49-5A88-4450-93AE-A1D1C3BFB0EF}.Debug|Any CPU.Build.0 = Debug|Any CPU
		{94B77A49-5A88-4450-93AE-A1D1C3BFB0EF}.Debug|Any CPU.Deploy.0 = Debug|Any CPU
		{94B77A49-5A88-4450-93AE-A1D1C3BFB0EF}.Debug|iPhone.ActiveCfg = Debug|Any CPU
		{94B77A49-5A88-4450-93AE-A1D1C3BFB0EF}.Debug|iPhoneSimulator.ActiveCfg = Debug|Any CPU
		{94B77A49-5A88-4450-93AE-A1D1C3BFB0EF}.Debug|Mixed Platforms.ActiveCfg = Debug|Any CPU
		{94B77A49-5A88-4450-93AE-A1D1C3BFB0EF}.Debug|Mixed Platforms.Build.0 = Debug|Any CPU
		{94B77A49-5A88-4450-93AE-A1D1C3BFB0EF}.Debug|Mixed Platforms.Deploy.0 = Debug|Any CPU
		{94B77A49-5A88-4450-93AE-A1D1C3BFB0EF}.Release|Any CPU.ActiveCfg = Release|Any CPU
		{94B77A49-5A88-4450-93AE-A1D1C3BFB0EF}.Release|Any CPU.Build.0 = Release|Any CPU
		{94B77A49-5A88-4450-93AE-A1D1C3BFB0EF}.Release|Any CPU.Deploy.0 = Release|Any CPU
		{94B77A49-5A88-4450-93AE-A1D1C3BFB0EF}.Release|iPhone.ActiveCfg = Release|Any CPU
		{94B77A49-5A88-4450-93AE-A1D1C3BFB0EF}.Release|iPhoneSimulator.ActiveCfg = Release|Any CPU
		{94B77A49-5A88-4450-93AE-A1D1C3BFB0EF}.Release|Mixed Platforms.ActiveCfg = Release|Any CPU
		{94B77A49-5A88-4450-93AE-A1D1C3BFB0EF}.Release|Mixed Platforms.Build.0 = Release|Any CPU
		{94B77A49-5A88-4450-93AE-A1D1C3BFB0EF}.Release|Mixed Platforms.Deploy.0 = Release|Any CPU
		{2847546D-39CA-422F-9663-0327CCC0324A}.Ad-Hoc|Any CPU.ActiveCfg = Release|Any CPU
		{2847546D-39CA-422F-9663-0327CCC0324A}.Ad-Hoc|Any CPU.Build.0 = Release|Any CPU
		{2847546D-39CA-422F-9663-0327CCC0324A}.Ad-Hoc|Any CPU.Deploy.0 = Release|Any CPU
		{2847546D-39CA-422F-9663-0327CCC0324A}.Ad-Hoc|iPhone.ActiveCfg = Release|Any CPU
		{2847546D-39CA-422F-9663-0327CCC0324A}.Ad-Hoc|iPhoneSimulator.ActiveCfg = Release|Any CPU
		{2847546D-39CA-422F-9663-0327CCC0324A}.Ad-Hoc|Mixed Platforms.ActiveCfg = Release|Any CPU
		{2847546D-39CA-422F-9663-0327CCC0324A}.Ad-Hoc|Mixed Platforms.Build.0 = Release|Any CPU
		{2847546D-39CA-422F-9663-0327CCC0324A}.Ad-Hoc|Mixed Platforms.Deploy.0 = Release|Any CPU
		{2847546D-39CA-422F-9663-0327CCC0324A}.AppStore|Any CPU.ActiveCfg = Release|Any CPU
		{2847546D-39CA-422F-9663-0327CCC0324A}.AppStore|Any CPU.Build.0 = Release|Any CPU
		{2847546D-39CA-422F-9663-0327CCC0324A}.AppStore|Any CPU.Deploy.0 = Release|Any CPU
		{2847546D-39CA-422F-9663-0327CCC0324A}.AppStore|iPhone.ActiveCfg = Release|Any CPU
		{2847546D-39CA-422F-9663-0327CCC0324A}.AppStore|iPhoneSimulator.ActiveCfg = Release|Any CPU
		{2847546D-39CA-422F-9663-0327CCC0324A}.AppStore|Mixed Platforms.ActiveCfg = Release|Any CPU
		{2847546D-39CA-422F-9663-0327CCC0324A}.AppStore|Mixed Platforms.Build.0 = Release|Any CPU
		{2847546D-39CA-422F-9663-0327CCC0324A}.AppStore|Mixed Platforms.Deploy.0 = Release|Any CPU
		{2847546D-39CA-422F-9663-0327CCC0324A}.Debug|Any CPU.ActiveCfg = Debug|Any CPU
		{2847546D-39CA-422F-9663-0327CCC0324A}.Debug|Any CPU.Build.0 = Debug|Any CPU
		{2847546D-39CA-422F-9663-0327CCC0324A}.Debug|Any CPU.Deploy.0 = Debug|Any CPU
		{2847546D-39CA-422F-9663-0327CCC0324A}.Debug|iPhone.ActiveCfg = Debug|Any CPU
		{2847546D-39CA-422F-9663-0327CCC0324A}.Debug|iPhoneSimulator.ActiveCfg = Debug|Any CPU
		{2847546D-39CA-422F-9663-0327CCC0324A}.Debug|Mixed Platforms.ActiveCfg = Debug|Any CPU
		{2847546D-39CA-422F-9663-0327CCC0324A}.Debug|Mixed Platforms.Build.0 = Debug|Any CPU
		{2847546D-39CA-422F-9663-0327CCC0324A}.Debug|Mixed Platforms.Deploy.0 = Debug|Any CPU
		{2847546D-39CA-422F-9663-0327CCC0324A}.Release|Any CPU.ActiveCfg = Release|Any CPU
		{2847546D-39CA-422F-9663-0327CCC0324A}.Release|Any CPU.Build.0 = Release|Any CPU
		{2847546D-39CA-422F-9663-0327CCC0324A}.Release|Any CPU.Deploy.0 = Release|Any CPU
		{2847546D-39CA-422F-9663-0327CCC0324A}.Release|iPhone.ActiveCfg = Release|Any CPU
		{2847546D-39CA-422F-9663-0327CCC0324A}.Release|iPhoneSimulator.ActiveCfg = Release|Any CPU
		{2847546D-39CA-422F-9663-0327CCC0324A}.Release|Mixed Platforms.ActiveCfg = Release|Any CPU
		{2847546D-39CA-422F-9663-0327CCC0324A}.Release|Mixed Platforms.Build.0 = Release|Any CPU
		{2847546D-39CA-422F-9663-0327CCC0324A}.Release|Mixed Platforms.Deploy.0 = Release|Any CPU
		{B7E7C0AD-7518-4078-96BE-C1E0F5542786}.Ad-Hoc|Any CPU.ActiveCfg = Release|Any CPU
		{B7E7C0AD-7518-4078-96BE-C1E0F5542786}.Ad-Hoc|Any CPU.Build.0 = Release|Any CPU
		{B7E7C0AD-7518-4078-96BE-C1E0F5542786}.Ad-Hoc|Any CPU.Deploy.0 = Release|Any CPU
		{B7E7C0AD-7518-4078-96BE-C1E0F5542786}.Ad-Hoc|iPhone.ActiveCfg = Release|Any CPU
		{B7E7C0AD-7518-4078-96BE-C1E0F5542786}.Ad-Hoc|iPhoneSimulator.ActiveCfg = Release|Any CPU
		{B7E7C0AD-7518-4078-96BE-C1E0F5542786}.Ad-Hoc|Mixed Platforms.ActiveCfg = Release|Any CPU
		{B7E7C0AD-7518-4078-96BE-C1E0F5542786}.Ad-Hoc|Mixed Platforms.Build.0 = Release|Any CPU
		{B7E7C0AD-7518-4078-96BE-C1E0F5542786}.Ad-Hoc|Mixed Platforms.Deploy.0 = Release|Any CPU
		{B7E7C0AD-7518-4078-96BE-C1E0F5542786}.AppStore|Any CPU.ActiveCfg = Release|Any CPU
		{B7E7C0AD-7518-4078-96BE-C1E0F5542786}.AppStore|Any CPU.Build.0 = Release|Any CPU
		{B7E7C0AD-7518-4078-96BE-C1E0F5542786}.AppStore|Any CPU.Deploy.0 = Release|Any CPU
		{B7E7C0AD-7518-4078-96BE-C1E0F5542786}.AppStore|iPhone.ActiveCfg = Release|Any CPU
		{B7E7C0AD-7518-4078-96BE-C1E0F5542786}.AppStore|iPhoneSimulator.ActiveCfg = Release|Any CPU
		{B7E7C0AD-7518-4078-96BE-C1E0F5542786}.AppStore|Mixed Platforms.ActiveCfg = Release|Any CPU
		{B7E7C0AD-7518-4078-96BE-C1E0F5542786}.AppStore|Mixed Platforms.Build.0 = Release|Any CPU
		{B7E7C0AD-7518-4078-96BE-C1E0F5542786}.AppStore|Mixed Platforms.Deploy.0 = Release|Any CPU
		{B7E7C0AD-7518-4078-96BE-C1E0F5542786}.Debug|Any CPU.ActiveCfg = Debug|Any CPU
		{B7E7C0AD-7518-4078-96BE-C1E0F5542786}.Debug|Any CPU.Build.0 = Debug|Any CPU
		{B7E7C0AD-7518-4078-96BE-C1E0F5542786}.Debug|Any CPU.Deploy.0 = Debug|Any CPU
		{B7E7C0AD-7518-4078-96BE-C1E0F5542786}.Debug|iPhone.ActiveCfg = Debug|Any CPU
		{B7E7C0AD-7518-4078-96BE-C1E0F5542786}.Debug|iPhoneSimulator.ActiveCfg = Debug|Any CPU
		{B7E7C0AD-7518-4078-96BE-C1E0F5542786}.Debug|Mixed Platforms.ActiveCfg = Debug|Any CPU
		{B7E7C0AD-7518-4078-96BE-C1E0F5542786}.Debug|Mixed Platforms.Build.0 = Debug|Any CPU
		{B7E7C0AD-7518-4078-96BE-C1E0F5542786}.Debug|Mixed Platforms.Deploy.0 = Debug|Any CPU
		{B7E7C0AD-7518-4078-96BE-C1E0F5542786}.Release|Any CPU.ActiveCfg = Release|Any CPU
		{B7E7C0AD-7518-4078-96BE-C1E0F5542786}.Release|Any CPU.Build.0 = Release|Any CPU
		{B7E7C0AD-7518-4078-96BE-C1E0F5542786}.Release|Any CPU.Deploy.0 = Release|Any CPU
		{B7E7C0AD-7518-4078-96BE-C1E0F5542786}.Release|iPhone.ActiveCfg = Release|Any CPU
		{B7E7C0AD-7518-4078-96BE-C1E0F5542786}.Release|iPhoneSimulator.ActiveCfg = Release|Any CPU
		{B7E7C0AD-7518-4078-96BE-C1E0F5542786}.Release|Mixed Platforms.ActiveCfg = Release|Any CPU
		{B7E7C0AD-7518-4078-96BE-C1E0F5542786}.Release|Mixed Platforms.Build.0 = Release|Any CPU
		{B7E7C0AD-7518-4078-96BE-C1E0F5542786}.Release|Mixed Platforms.Deploy.0 = Release|Any CPU
		{0AC14FCB-7FE6-445C-8827-1E8854222D79}.Ad-Hoc|Any CPU.ActiveCfg = Release|Any CPU
		{0AC14FCB-7FE6-445C-8827-1E8854222D79}.Ad-Hoc|Any CPU.Build.0 = Release|Any CPU
		{0AC14FCB-7FE6-445C-8827-1E8854222D79}.Ad-Hoc|iPhone.ActiveCfg = Release|Any CPU
		{0AC14FCB-7FE6-445C-8827-1E8854222D79}.Ad-Hoc|iPhoneSimulator.ActiveCfg = Release|Any CPU
		{0AC14FCB-7FE6-445C-8827-1E8854222D79}.Ad-Hoc|Mixed Platforms.ActiveCfg = Release|Any CPU
		{0AC14FCB-7FE6-445C-8827-1E8854222D79}.Ad-Hoc|Mixed Platforms.Build.0 = Release|Any CPU
		{0AC14FCB-7FE6-445C-8827-1E8854222D79}.AppStore|Any CPU.ActiveCfg = Release|Any CPU
		{0AC14FCB-7FE6-445C-8827-1E8854222D79}.AppStore|Any CPU.Build.0 = Release|Any CPU
		{0AC14FCB-7FE6-445C-8827-1E8854222D79}.AppStore|iPhone.ActiveCfg = Release|Any CPU
		{0AC14FCB-7FE6-445C-8827-1E8854222D79}.AppStore|iPhoneSimulator.ActiveCfg = Release|Any CPU
		{0AC14FCB-7FE6-445C-8827-1E8854222D79}.AppStore|Mixed Platforms.ActiveCfg = Release|Any CPU
		{0AC14FCB-7FE6-445C-8827-1E8854222D79}.AppStore|Mixed Platforms.Build.0 = Release|Any CPU
		{0AC14FCB-7FE6-445C-8827-1E8854222D79}.Debug|Any CPU.ActiveCfg = Debug|Any CPU
		{0AC14FCB-7FE6-445C-8827-1E8854222D79}.Debug|Any CPU.Build.0 = Debug|Any CPU
		{0AC14FCB-7FE6-445C-8827-1E8854222D79}.Debug|iPhone.ActiveCfg = Debug|Any CPU
		{0AC14FCB-7FE6-445C-8827-1E8854222D79}.Debug|iPhoneSimulator.ActiveCfg = Debug|Any CPU
		{0AC14FCB-7FE6-445C-8827-1E8854222D79}.Debug|Mixed Platforms.ActiveCfg = Debug|Any CPU
		{0AC14FCB-7FE6-445C-8827-1E8854222D79}.Debug|Mixed Platforms.Build.0 = Debug|Any CPU
		{0AC14FCB-7FE6-445C-8827-1E8854222D79}.Release|Any CPU.ActiveCfg = Release|Any CPU
		{0AC14FCB-7FE6-445C-8827-1E8854222D79}.Release|Any CPU.Build.0 = Release|Any CPU
		{0AC14FCB-7FE6-445C-8827-1E8854222D79}.Release|iPhone.ActiveCfg = Release|Any CPU
		{0AC14FCB-7FE6-445C-8827-1E8854222D79}.Release|iPhoneSimulator.ActiveCfg = Release|Any CPU
		{0AC14FCB-7FE6-445C-8827-1E8854222D79}.Release|Mixed Platforms.ActiveCfg = Release|Any CPU
		{0AC14FCB-7FE6-445C-8827-1E8854222D79}.Release|Mixed Platforms.Build.0 = Release|Any CPU
		{9DB3C062-77CE-42B5-82F0-8B05BF10A3D2}.Ad-Hoc|Any CPU.ActiveCfg = Release|Any CPU
		{9DB3C062-77CE-42B5-82F0-8B05BF10A3D2}.Ad-Hoc|Any CPU.Build.0 = Release|Any CPU
		{9DB3C062-77CE-42B5-82F0-8B05BF10A3D2}.Ad-Hoc|Any CPU.Deploy.0 = Release|Any CPU
		{9DB3C062-77CE-42B5-82F0-8B05BF10A3D2}.Ad-Hoc|iPhone.ActiveCfg = Release|Any CPU
		{9DB3C062-77CE-42B5-82F0-8B05BF10A3D2}.Ad-Hoc|iPhoneSimulator.ActiveCfg = Release|Any CPU
		{9DB3C062-77CE-42B5-82F0-8B05BF10A3D2}.Ad-Hoc|Mixed Platforms.ActiveCfg = Release|Any CPU
		{9DB3C062-77CE-42B5-82F0-8B05BF10A3D2}.Ad-Hoc|Mixed Platforms.Build.0 = Release|Any CPU
		{9DB3C062-77CE-42B5-82F0-8B05BF10A3D2}.Ad-Hoc|Mixed Platforms.Deploy.0 = Release|Any CPU
		{9DB3C062-77CE-42B5-82F0-8B05BF10A3D2}.AppStore|Any CPU.ActiveCfg = Release|Any CPU
		{9DB3C062-77CE-42B5-82F0-8B05BF10A3D2}.AppStore|Any CPU.Build.0 = Release|Any CPU
		{9DB3C062-77CE-42B5-82F0-8B05BF10A3D2}.AppStore|Any CPU.Deploy.0 = Release|Any CPU
		{9DB3C062-77CE-42B5-82F0-8B05BF10A3D2}.AppStore|iPhone.ActiveCfg = Release|Any CPU
		{9DB3C062-77CE-42B5-82F0-8B05BF10A3D2}.AppStore|iPhoneSimulator.ActiveCfg = Release|Any CPU
		{9DB3C062-77CE-42B5-82F0-8B05BF10A3D2}.AppStore|Mixed Platforms.ActiveCfg = Release|Any CPU
		{9DB3C062-77CE-42B5-82F0-8B05BF10A3D2}.AppStore|Mixed Platforms.Build.0 = Release|Any CPU
		{9DB3C062-77CE-42B5-82F0-8B05BF10A3D2}.AppStore|Mixed Platforms.Deploy.0 = Release|Any CPU
		{9DB3C062-77CE-42B5-82F0-8B05BF10A3D2}.Debug|Any CPU.ActiveCfg = Debug|Any CPU
		{9DB3C062-77CE-42B5-82F0-8B05BF10A3D2}.Debug|Any CPU.Build.0 = Debug|Any CPU
		{9DB3C062-77CE-42B5-82F0-8B05BF10A3D2}.Debug|Any CPU.Deploy.0 = Debug|Any CPU
		{9DB3C062-77CE-42B5-82F0-8B05BF10A3D2}.Debug|iPhone.ActiveCfg = Debug|Any CPU
		{9DB3C062-77CE-42B5-82F0-8B05BF10A3D2}.Debug|iPhoneSimulator.ActiveCfg = Debug|Any CPU
		{9DB3C062-77CE-42B5-82F0-8B05BF10A3D2}.Debug|Mixed Platforms.ActiveCfg = Debug|Any CPU
		{9DB3C062-77CE-42B5-82F0-8B05BF10A3D2}.Debug|Mixed Platforms.Build.0 = Debug|Any CPU
		{9DB3C062-77CE-42B5-82F0-8B05BF10A3D2}.Debug|Mixed Platforms.Deploy.0 = Debug|Any CPU
		{9DB3C062-77CE-42B5-82F0-8B05BF10A3D2}.Release|Any CPU.ActiveCfg = Release|Any CPU
		{9DB3C062-77CE-42B5-82F0-8B05BF10A3D2}.Release|Any CPU.Build.0 = Release|Any CPU
		{9DB3C062-77CE-42B5-82F0-8B05BF10A3D2}.Release|Any CPU.Deploy.0 = Release|Any CPU
		{9DB3C062-77CE-42B5-82F0-8B05BF10A3D2}.Release|iPhone.ActiveCfg = Release|Any CPU
		{9DB3C062-77CE-42B5-82F0-8B05BF10A3D2}.Release|iPhoneSimulator.ActiveCfg = Release|Any CPU
		{9DB3C062-77CE-42B5-82F0-8B05BF10A3D2}.Release|Mixed Platforms.ActiveCfg = Release|Any CPU
		{9DB3C062-77CE-42B5-82F0-8B05BF10A3D2}.Release|Mixed Platforms.Build.0 = Release|Any CPU
		{9DB3C062-77CE-42B5-82F0-8B05BF10A3D2}.Release|Mixed Platforms.Deploy.0 = Release|Any CPU
		{11A77BD3-51B7-44ED-A715-B443DA899953}.Ad-Hoc|Any CPU.ActiveCfg = Release|Any CPU
		{11A77BD3-51B7-44ED-A715-B443DA899953}.Ad-Hoc|Any CPU.Build.0 = Release|Any CPU
		{11A77BD3-51B7-44ED-A715-B443DA899953}.Ad-Hoc|Any CPU.Deploy.0 = Release|Any CPU
		{11A77BD3-51B7-44ED-A715-B443DA899953}.Ad-Hoc|iPhone.ActiveCfg = Release|Any CPU
		{11A77BD3-51B7-44ED-A715-B443DA899953}.Ad-Hoc|iPhoneSimulator.ActiveCfg = Release|Any CPU
		{11A77BD3-51B7-44ED-A715-B443DA899953}.Ad-Hoc|Mixed Platforms.ActiveCfg = Release|Any CPU
		{11A77BD3-51B7-44ED-A715-B443DA899953}.Ad-Hoc|Mixed Platforms.Build.0 = Release|Any CPU
		{11A77BD3-51B7-44ED-A715-B443DA899953}.Ad-Hoc|Mixed Platforms.Deploy.0 = Release|Any CPU
		{11A77BD3-51B7-44ED-A715-B443DA899953}.AppStore|Any CPU.ActiveCfg = Release|Any CPU
		{11A77BD3-51B7-44ED-A715-B443DA899953}.AppStore|Any CPU.Build.0 = Release|Any CPU
		{11A77BD3-51B7-44ED-A715-B443DA899953}.AppStore|Any CPU.Deploy.0 = Release|Any CPU
		{11A77BD3-51B7-44ED-A715-B443DA899953}.AppStore|iPhone.ActiveCfg = Release|Any CPU
		{11A77BD3-51B7-44ED-A715-B443DA899953}.AppStore|iPhoneSimulator.ActiveCfg = Release|Any CPU
		{11A77BD3-51B7-44ED-A715-B443DA899953}.AppStore|Mixed Platforms.ActiveCfg = Release|Any CPU
		{11A77BD3-51B7-44ED-A715-B443DA899953}.AppStore|Mixed Platforms.Build.0 = Release|Any CPU
		{11A77BD3-51B7-44ED-A715-B443DA899953}.AppStore|Mixed Platforms.Deploy.0 = Release|Any CPU
		{11A77BD3-51B7-44ED-A715-B443DA899953}.Debug|Any CPU.ActiveCfg = Debug|Any CPU
		{11A77BD3-51B7-44ED-A715-B443DA899953}.Debug|Any CPU.Build.0 = Debug|Any CPU
		{11A77BD3-51B7-44ED-A715-B443DA899953}.Debug|Any CPU.Deploy.0 = Debug|Any CPU
		{11A77BD3-51B7-44ED-A715-B443DA899953}.Debug|iPhone.ActiveCfg = Debug|Any CPU
		{11A77BD3-51B7-44ED-A715-B443DA899953}.Debug|iPhoneSimulator.ActiveCfg = Debug|Any CPU
		{11A77BD3-51B7-44ED-A715-B443DA899953}.Debug|Mixed Platforms.ActiveCfg = Debug|Any CPU
		{11A77BD3-51B7-44ED-A715-B443DA899953}.Debug|Mixed Platforms.Build.0 = Debug|Any CPU
		{11A77BD3-51B7-44ED-A715-B443DA899953}.Debug|Mixed Platforms.Deploy.0 = Debug|Any CPU
		{11A77BD3-51B7-44ED-A715-B443DA899953}.Release|Any CPU.ActiveCfg = Release|Any CPU
		{11A77BD3-51B7-44ED-A715-B443DA899953}.Release|Any CPU.Build.0 = Release|Any CPU
		{11A77BD3-51B7-44ED-A715-B443DA899953}.Release|Any CPU.Deploy.0 = Release|Any CPU
		{11A77BD3-51B7-44ED-A715-B443DA899953}.Release|iPhone.ActiveCfg = Release|Any CPU
		{11A77BD3-51B7-44ED-A715-B443DA899953}.Release|iPhoneSimulator.ActiveCfg = Release|Any CPU
		{11A77BD3-51B7-44ED-A715-B443DA899953}.Release|Mixed Platforms.ActiveCfg = Release|Any CPU
		{11A77BD3-51B7-44ED-A715-B443DA899953}.Release|Mixed Platforms.Build.0 = Release|Any CPU
		{11A77BD3-51B7-44ED-A715-B443DA899953}.Release|Mixed Platforms.Deploy.0 = Release|Any CPU
		{30F41912-DFF1-4B4D-84CC-F1479CF0EB10}.Ad-Hoc|Any CPU.ActiveCfg = Release|Any CPU
		{30F41912-DFF1-4B4D-84CC-F1479CF0EB10}.Ad-Hoc|Any CPU.Build.0 = Release|Any CPU
		{30F41912-DFF1-4B4D-84CC-F1479CF0EB10}.Ad-Hoc|Any CPU.Deploy.0 = Release|Any CPU
		{30F41912-DFF1-4B4D-84CC-F1479CF0EB10}.Ad-Hoc|iPhone.ActiveCfg = Release|Any CPU
		{30F41912-DFF1-4B4D-84CC-F1479CF0EB10}.Ad-Hoc|iPhoneSimulator.ActiveCfg = Release|Any CPU
		{30F41912-DFF1-4B4D-84CC-F1479CF0EB10}.Ad-Hoc|Mixed Platforms.ActiveCfg = Release|Any CPU
		{30F41912-DFF1-4B4D-84CC-F1479CF0EB10}.Ad-Hoc|Mixed Platforms.Build.0 = Release|Any CPU
		{30F41912-DFF1-4B4D-84CC-F1479CF0EB10}.Ad-Hoc|Mixed Platforms.Deploy.0 = Release|Any CPU
		{30F41912-DFF1-4B4D-84CC-F1479CF0EB10}.AppStore|Any CPU.ActiveCfg = Release|Any CPU
		{30F41912-DFF1-4B4D-84CC-F1479CF0EB10}.AppStore|Any CPU.Build.0 = Release|Any CPU
		{30F41912-DFF1-4B4D-84CC-F1479CF0EB10}.AppStore|Any CPU.Deploy.0 = Release|Any CPU
		{30F41912-DFF1-4B4D-84CC-F1479CF0EB10}.AppStore|iPhone.ActiveCfg = Release|Any CPU
		{30F41912-DFF1-4B4D-84CC-F1479CF0EB10}.AppStore|iPhoneSimulator.ActiveCfg = Release|Any CPU
		{30F41912-DFF1-4B4D-84CC-F1479CF0EB10}.AppStore|Mixed Platforms.ActiveCfg = Release|Any CPU
		{30F41912-DFF1-4B4D-84CC-F1479CF0EB10}.AppStore|Mixed Platforms.Build.0 = Release|Any CPU
		{30F41912-DFF1-4B4D-84CC-F1479CF0EB10}.AppStore|Mixed Platforms.Deploy.0 = Release|Any CPU
		{30F41912-DFF1-4B4D-84CC-F1479CF0EB10}.Debug|Any CPU.ActiveCfg = Debug|Any CPU
		{30F41912-DFF1-4B4D-84CC-F1479CF0EB10}.Debug|Any CPU.Build.0 = Debug|Any CPU
		{30F41912-DFF1-4B4D-84CC-F1479CF0EB10}.Debug|Any CPU.Deploy.0 = Debug|Any CPU
		{30F41912-DFF1-4B4D-84CC-F1479CF0EB10}.Debug|iPhone.ActiveCfg = Debug|Any CPU
		{30F41912-DFF1-4B4D-84CC-F1479CF0EB10}.Debug|iPhoneSimulator.ActiveCfg = Debug|Any CPU
		{30F41912-DFF1-4B4D-84CC-F1479CF0EB10}.Debug|Mixed Platforms.ActiveCfg = Debug|Any CPU
		{30F41912-DFF1-4B4D-84CC-F1479CF0EB10}.Debug|Mixed Platforms.Build.0 = Debug|Any CPU
		{30F41912-DFF1-4B4D-84CC-F1479CF0EB10}.Debug|Mixed Platforms.Deploy.0 = Debug|Any CPU
		{30F41912-DFF1-4B4D-84CC-F1479CF0EB10}.Release|Any CPU.ActiveCfg = Release|Any CPU
		{30F41912-DFF1-4B4D-84CC-F1479CF0EB10}.Release|Any CPU.Build.0 = Release|Any CPU
		{30F41912-DFF1-4B4D-84CC-F1479CF0EB10}.Release|Any CPU.Deploy.0 = Release|Any CPU
		{30F41912-DFF1-4B4D-84CC-F1479CF0EB10}.Release|iPhone.ActiveCfg = Release|Any CPU
		{30F41912-DFF1-4B4D-84CC-F1479CF0EB10}.Release|iPhoneSimulator.ActiveCfg = Release|Any CPU
		{30F41912-DFF1-4B4D-84CC-F1479CF0EB10}.Release|Mixed Platforms.ActiveCfg = Release|Any CPU
		{30F41912-DFF1-4B4D-84CC-F1479CF0EB10}.Release|Mixed Platforms.Build.0 = Release|Any CPU
		{30F41912-DFF1-4B4D-84CC-F1479CF0EB10}.Release|Mixed Platforms.Deploy.0 = Release|Any CPU
		{9967C127-AB61-4D77-85A4-66B1DD305AB1}.Ad-Hoc|Any CPU.ActiveCfg = Release|Any CPU
		{9967C127-AB61-4D77-85A4-66B1DD305AB1}.Ad-Hoc|Any CPU.Build.0 = Release|Any CPU
		{9967C127-AB61-4D77-85A4-66B1DD305AB1}.Ad-Hoc|Any CPU.Deploy.0 = Release|Any CPU
		{9967C127-AB61-4D77-85A4-66B1DD305AB1}.Ad-Hoc|iPhone.ActiveCfg = Release|Any CPU
		{9967C127-AB61-4D77-85A4-66B1DD305AB1}.Ad-Hoc|iPhoneSimulator.ActiveCfg = Release|Any CPU
		{9967C127-AB61-4D77-85A4-66B1DD305AB1}.Ad-Hoc|Mixed Platforms.ActiveCfg = Release|Any CPU
		{9967C127-AB61-4D77-85A4-66B1DD305AB1}.Ad-Hoc|Mixed Platforms.Build.0 = Release|Any CPU
		{9967C127-AB61-4D77-85A4-66B1DD305AB1}.Ad-Hoc|Mixed Platforms.Deploy.0 = Release|Any CPU
		{9967C127-AB61-4D77-85A4-66B1DD305AB1}.AppStore|Any CPU.ActiveCfg = Release|Any CPU
		{9967C127-AB61-4D77-85A4-66B1DD305AB1}.AppStore|Any CPU.Build.0 = Release|Any CPU
		{9967C127-AB61-4D77-85A4-66B1DD305AB1}.AppStore|Any CPU.Deploy.0 = Release|Any CPU
		{9967C127-AB61-4D77-85A4-66B1DD305AB1}.AppStore|iPhone.ActiveCfg = Release|Any CPU
		{9967C127-AB61-4D77-85A4-66B1DD305AB1}.AppStore|iPhoneSimulator.ActiveCfg = Release|Any CPU
		{9967C127-AB61-4D77-85A4-66B1DD305AB1}.AppStore|Mixed Platforms.ActiveCfg = Release|Any CPU
		{9967C127-AB61-4D77-85A4-66B1DD305AB1}.AppStore|Mixed Platforms.Build.0 = Release|Any CPU
		{9967C127-AB61-4D77-85A4-66B1DD305AB1}.AppStore|Mixed Platforms.Deploy.0 = Release|Any CPU
		{9967C127-AB61-4D77-85A4-66B1DD305AB1}.Debug|Any CPU.ActiveCfg = Debug|Any CPU
		{9967C127-AB61-4D77-85A4-66B1DD305AB1}.Debug|Any CPU.Build.0 = Debug|Any CPU
		{9967C127-AB61-4D77-85A4-66B1DD305AB1}.Debug|Any CPU.Deploy.0 = Debug|Any CPU
		{9967C127-AB61-4D77-85A4-66B1DD305AB1}.Debug|iPhone.ActiveCfg = Debug|Any CPU
		{9967C127-AB61-4D77-85A4-66B1DD305AB1}.Debug|iPhoneSimulator.ActiveCfg = Debug|Any CPU
		{9967C127-AB61-4D77-85A4-66B1DD305AB1}.Debug|Mixed Platforms.ActiveCfg = Debug|Any CPU
		{9967C127-AB61-4D77-85A4-66B1DD305AB1}.Debug|Mixed Platforms.Build.0 = Debug|Any CPU
		{9967C127-AB61-4D77-85A4-66B1DD305AB1}.Debug|Mixed Platforms.Deploy.0 = Debug|Any CPU
		{9967C127-AB61-4D77-85A4-66B1DD305AB1}.Release|Any CPU.ActiveCfg = Release|Any CPU
		{9967C127-AB61-4D77-85A4-66B1DD305AB1}.Release|Any CPU.Build.0 = Release|Any CPU
		{9967C127-AB61-4D77-85A4-66B1DD305AB1}.Release|Any CPU.Deploy.0 = Release|Any CPU
		{9967C127-AB61-4D77-85A4-66B1DD305AB1}.Release|iPhone.ActiveCfg = Release|Any CPU
		{9967C127-AB61-4D77-85A4-66B1DD305AB1}.Release|iPhoneSimulator.ActiveCfg = Release|Any CPU
		{9967C127-AB61-4D77-85A4-66B1DD305AB1}.Release|Mixed Platforms.ActiveCfg = Release|Any CPU
		{9967C127-AB61-4D77-85A4-66B1DD305AB1}.Release|Mixed Platforms.Build.0 = Release|Any CPU
		{9967C127-AB61-4D77-85A4-66B1DD305AB1}.Release|Mixed Platforms.Deploy.0 = Release|Any CPU
		{0064C68D-305A-4CD3-9386-43DCEDA51CDC}.Ad-Hoc|Any CPU.ActiveCfg = Release|Any CPU
		{0064C68D-305A-4CD3-9386-43DCEDA51CDC}.Ad-Hoc|Any CPU.Build.0 = Release|Any CPU
		{0064C68D-305A-4CD3-9386-43DCEDA51CDC}.Ad-Hoc|Any CPU.Deploy.0 = Release|Any CPU
		{0064C68D-305A-4CD3-9386-43DCEDA51CDC}.Ad-Hoc|iPhone.ActiveCfg = Release|Any CPU
		{0064C68D-305A-4CD3-9386-43DCEDA51CDC}.Ad-Hoc|iPhoneSimulator.ActiveCfg = Release|Any CPU
		{0064C68D-305A-4CD3-9386-43DCEDA51CDC}.Ad-Hoc|Mixed Platforms.ActiveCfg = Release|Any CPU
		{0064C68D-305A-4CD3-9386-43DCEDA51CDC}.Ad-Hoc|Mixed Platforms.Build.0 = Release|Any CPU
		{0064C68D-305A-4CD3-9386-43DCEDA51CDC}.Ad-Hoc|Mixed Platforms.Deploy.0 = Release|Any CPU
		{0064C68D-305A-4CD3-9386-43DCEDA51CDC}.AppStore|Any CPU.ActiveCfg = Release|Any CPU
		{0064C68D-305A-4CD3-9386-43DCEDA51CDC}.AppStore|Any CPU.Build.0 = Release|Any CPU
		{0064C68D-305A-4CD3-9386-43DCEDA51CDC}.AppStore|Any CPU.Deploy.0 = Release|Any CPU
		{0064C68D-305A-4CD3-9386-43DCEDA51CDC}.AppStore|iPhone.ActiveCfg = Release|Any CPU
		{0064C68D-305A-4CD3-9386-43DCEDA51CDC}.AppStore|iPhoneSimulator.ActiveCfg = Release|Any CPU
		{0064C68D-305A-4CD3-9386-43DCEDA51CDC}.AppStore|Mixed Platforms.ActiveCfg = Release|Any CPU
		{0064C68D-305A-4CD3-9386-43DCEDA51CDC}.AppStore|Mixed Platforms.Build.0 = Release|Any CPU
		{0064C68D-305A-4CD3-9386-43DCEDA51CDC}.AppStore|Mixed Platforms.Deploy.0 = Release|Any CPU
		{0064C68D-305A-4CD3-9386-43DCEDA51CDC}.Debug|Any CPU.ActiveCfg = Debug|Any CPU
		{0064C68D-305A-4CD3-9386-43DCEDA51CDC}.Debug|Any CPU.Build.0 = Debug|Any CPU
		{0064C68D-305A-4CD3-9386-43DCEDA51CDC}.Debug|Any CPU.Deploy.0 = Debug|Any CPU
		{0064C68D-305A-4CD3-9386-43DCEDA51CDC}.Debug|iPhone.ActiveCfg = Debug|Any CPU
		{0064C68D-305A-4CD3-9386-43DCEDA51CDC}.Debug|iPhoneSimulator.ActiveCfg = Debug|Any CPU
		{0064C68D-305A-4CD3-9386-43DCEDA51CDC}.Debug|Mixed Platforms.ActiveCfg = Debug|Any CPU
		{0064C68D-305A-4CD3-9386-43DCEDA51CDC}.Debug|Mixed Platforms.Build.0 = Debug|Any CPU
		{0064C68D-305A-4CD3-9386-43DCEDA51CDC}.Debug|Mixed Platforms.Deploy.0 = Debug|Any CPU
		{0064C68D-305A-4CD3-9386-43DCEDA51CDC}.Release|Any CPU.ActiveCfg = Release|Any CPU
		{0064C68D-305A-4CD3-9386-43DCEDA51CDC}.Release|Any CPU.Build.0 = Release|Any CPU
		{0064C68D-305A-4CD3-9386-43DCEDA51CDC}.Release|Any CPU.Deploy.0 = Release|Any CPU
		{0064C68D-305A-4CD3-9386-43DCEDA51CDC}.Release|iPhone.ActiveCfg = Release|Any CPU
		{0064C68D-305A-4CD3-9386-43DCEDA51CDC}.Release|iPhoneSimulator.ActiveCfg = Release|Any CPU
		{0064C68D-305A-4CD3-9386-43DCEDA51CDC}.Release|Mixed Platforms.ActiveCfg = Release|Any CPU
		{0064C68D-305A-4CD3-9386-43DCEDA51CDC}.Release|Mixed Platforms.Build.0 = Release|Any CPU
		{0064C68D-305A-4CD3-9386-43DCEDA51CDC}.Release|Mixed Platforms.Deploy.0 = Release|Any CPU
	EndGlobalSection
	GlobalSection(SolutionProperties) = preSolution
		HideSolutionNode = FALSE
	EndGlobalSection
	GlobalSection(NestedProjects) = preSolution
		{604193B1-DD20-4A4F-893F-750837BA84F3} = {6F1CBDCD-7BD0-4865-AB69-0EE932117237}
		{7F71634F-F581-4E87-ADB2-C563E3768AFA} = {8CB48827-831F-45C6-9B8B-13F12837C246}
		{54AB14BB-F1D4-42CF-B899-8CC4BDC7619D} = {8CB48827-831F-45C6-9B8B-13F12837C246}
		{C1F99C76-EA7D-438B-AD65-AFFC96FC90C4} = {6F1CBDCD-7BD0-4865-AB69-0EE932117237}
		{5610DE43-7BA4-45A8-ABBB-732AE221B5CF} = {C1F99C76-EA7D-438B-AD65-AFFC96FC90C4}
		{2A57E88D-9DDB-47A1-B9FF-008C889362EA} = {C1F99C76-EA7D-438B-AD65-AFFC96FC90C4}
		{8CB48827-831F-45C6-9B8B-13F12837C246} = {604193B1-DD20-4A4F-893F-750837BA84F3}
		{E4099923-2169-4CF7-B002-7BA688A0484A} = {604193B1-DD20-4A4F-893F-750837BA84F3}
		{B81C2E54-F49A-425C-902F-8BBA2F8AFB26} = {E4099923-2169-4CF7-B002-7BA688A0484A}
		{2AFBB734-2DA7-47A5-9BEA-7139C63063C1} = {6F1CBDCD-7BD0-4865-AB69-0EE932117237}
		{67741311-EC1C-40B3-98ED-8D68A172C44A} = {2AFBB734-2DA7-47A5-9BEA-7139C63063C1}
		{0F6C6C54-C917-4614-8C7C-2F88716C6BB5} = {2AFBB734-2DA7-47A5-9BEA-7139C63063C1}
		{A3C13379-7692-4FA4-9DEF-BC286AD16E49} = {2AFBB734-2DA7-47A5-9BEA-7139C63063C1}
		{B9C33D7C-D2FB-44E9-AFF4-D48F07BABCE7} = {2AFBB734-2DA7-47A5-9BEA-7139C63063C1}
		{CDE9F90C-727E-4A08-8B83-324204DA36AC} = {604193B1-DD20-4A4F-893F-750837BA84F3}
		{DF76916D-9E9A-4A2E-8E5E-E09AFEE6B18A} = {99AECB2C-658E-4D19-AF7D-F3EE5062DF35}
		{C8A5C033-D9B8-458C-8EB3-29837EB29AFF} = {604193B1-DD20-4A4F-893F-750837BA84F3}
		{6F333D47-09A4-45DF-85B0-65B3431CE2C6} = {604193B1-DD20-4A4F-893F-750837BA84F3}
		{513C40EC-75F5-4211-ACF5-0785B024E6BA} = {6F333D47-09A4-45DF-85B0-65B3431CE2C6}
		{4B1AEE33-1B0C-493C-93E2-470C54F356A8} = {6F333D47-09A4-45DF-85B0-65B3431CE2C6}
		{1C4B81F3-603F-4B9A-B4F1-13321A5AD645} = {6F1CBDCD-7BD0-4865-AB69-0EE932117237}
		{22B56BDA-9C7F-4C9B-889D-43D70EAD7264} = {1C4B81F3-603F-4B9A-B4F1-13321A5AD645}
		{2B7014CC-136F-4087-9362-A5245E998919} = {22B56BDA-9C7F-4C9B-889D-43D70EAD7264}
		{0C11611B-5062-4413-81E8-B1587372B249} = {1C4B81F3-603F-4B9A-B4F1-13321A5AD645}
		{0C2B1A3C-1486-4D54-A2A4-E721E8D579F1} = {0C11611B-5062-4413-81E8-B1587372B249}
		{8456161B-9C8A-43F6-B37F-491CF7F325E1} = {0C11611B-5062-4413-81E8-B1587372B249}
		{6977B5C5-05CC-45F1-AE39-EE3F09C38B02} = {6F1CBDCD-7BD0-4865-AB69-0EE932117237}
		{F5BB7C29-D2B1-4E15-A77B-3CB603F24F7C} = {6977B5C5-05CC-45F1-AE39-EE3F09C38B02}
		{DF0FBF9D-36F2-4A2C-85DA-F281014DED20} = {6F1CBDCD-7BD0-4865-AB69-0EE932117237}
		{2740099F-DC28-484F-8798-34681273D907} = {DF0FBF9D-36F2-4A2C-85DA-F281014DED20}
		{666F698B-8BAF-483F-890B-C5DFB1333879} = {DF0FBF9D-36F2-4A2C-85DA-F281014DED20}
		{5EF4B35D-72AF-4CBF-ABB0-6A5DCAA07795} = {DF0FBF9D-36F2-4A2C-85DA-F281014DED20}
		{EB59E855-3246-487F-AFE2-F2E7DABB4E15} = {C313E6D5-4FAA-4201-9710-0370BCC31A1C}
		{F396608E-C58A-4D6D-98FA-CAC382C73F26} = {DF0FBF9D-36F2-4A2C-85DA-F281014DED20}
		{38934A2B-EDF8-4351-B30E-D9251A986B1D} = {DF0FBF9D-36F2-4A2C-85DA-F281014DED20}
		{52223654-7445-40CA-A42C-B29A2578BB97} = {A43F5E20-38BE-49F9-853C-CCA9C22B05C7}
		{94B77A49-5A88-4450-93AE-A1D1C3BFB0EF} = {52223654-7445-40CA-A42C-B29A2578BB97}
		{C5FAA684-1FD2-416A-A71A-C7F66EC7A664} = {A43F5E20-38BE-49F9-853C-CCA9C22B05C7}
		{044332E3-E822-4A7D-A13C-B81A61C35EC7} = {A43F5E20-38BE-49F9-853C-CCA9C22B05C7}
		{389C743C-D55E-4437-9C3B-EE81B1D4387A} = {044332E3-E822-4A7D-A13C-B81A61C35EC7}
		{2847546D-39CA-422F-9663-0327CCC0324A} = {C5FAA684-1FD2-416A-A71A-C7F66EC7A664}
		{B7E7C0AD-7518-4078-96BE-C1E0F5542786} = {52223654-7445-40CA-A42C-B29A2578BB97}
		{742555F3-2A51-4490-8770-BD04D631DD68} = {A43F5E20-38BE-49F9-853C-CCA9C22B05C7}
		{0AC14FCB-7FE6-445C-8827-1E8854222D79} = {742555F3-2A51-4490-8770-BD04D631DD68}
		{F0454F93-2EFA-446C-89ED-55057D734693} = {52223654-7445-40CA-A42C-B29A2578BB97}
		{9DB3C062-77CE-42B5-82F0-8B05BF10A3D2} = {F0454F93-2EFA-446C-89ED-55057D734693}
		{11A77BD3-51B7-44ED-A715-B443DA899953} = {F0454F93-2EFA-446C-89ED-55057D734693}
		{30F41912-DFF1-4B4D-84CC-F1479CF0EB10} = {F0454F93-2EFA-446C-89ED-55057D734693}
		{9967C127-AB61-4D77-85A4-66B1DD305AB1} = {F0454F93-2EFA-446C-89ED-55057D734693}
		{0064C68D-305A-4CD3-9386-43DCEDA51CDC} = {52223654-7445-40CA-A42C-B29A2578BB97}
	EndGlobalSection
EndGlobal
